Microsoft Visual Studio Solution File, Format Version 12.00
# Visual Studio Version 17
VisualStudioVersion = 17.7.34031.279
MinimumVisualStudioVersion = 10.0.40219.1
Project("{2150E333-8FDC-42A3-9474-1A3956D46DE8}") = "01. Client", "01. Client", "{469AC018-A32B-4582-9F3D-51ECE88F4E5D}"
EndProject
Project("{2150E333-8FDC-42A3-9474-1A3956D46DE8}") = "03. HOST", "03. HOST", "{EAE8279F-5437-4D2D-911C-3CD47F8C9184}"
EndProject
Project("{778DAE3C-4631-46EA-AA77-85C1314464D9}") = "SA", "SA\SA.vbproj", "{83F05440-B66F-4B67-BD3A-AF61A5C0B8AB}"
EndProject
Project("{778DAE3C-4631-46EA-AA77-85C1314464D9}") = "CF", "CF\CF.vbproj", "{DC2D1AA7-8333-4B8F-A595-E5087EEBEF31}"
EndProject
Project("{778DAE3C-4631-46EA-AA77-85C1314464D9}") = "SE", "SE\SE.vbproj", "{809B7F25-2FE3-4CCD-AF8F-970C7D726840}"
EndProject
Project("{778DAE3C-4631-46EA-AA77-85C1314464D9}") = "CA", "CA\CA.vbproj", "{B34621D3-7432-4F55-955E-EE50B32963DF}"
EndProject
Project("{778DAE3C-4631-46EA-AA77-85C1314464D9}") = "GL", "GL\GL.vbproj", "{A5C3A7C4-B1A9-4AA3-9166-29165DFFDB11}"
EndProject
Project("{778DAE3C-4631-46EA-AA77-85C1314464D9}") = "OD", "OD\OD.vbproj", "{A9F61226-18C5-4686-BF4B-8CBD05CED6E7}"
EndProject
Project("{778DAE3C-4631-46EA-AA77-85C1314464D9}") = "RM", "RM\RM.vbproj", "{1723B9EC-1D27-49BB-AA1C-C556961B8C50}"
EndProject
Project("{F184B08F-C81C-45F6-A57F-5ABD9991F28F}") = "updateclient", "updateclient\updateclient.vbproj", "{FCB78396-A204-44C6-9449-96705299DD2D}"
EndProject
Project("{F184B08F-C81C-45F6-A57F-5ABD9991F28F}") = "CommonLibrary", "CommonLibrary\CommonLibrary.vbproj", "{D08773CC-EEB0-403E-B66B-D1964626F985}"
EndProject
Project("{778DAE3C-4631-46EA-AA77-85C1314464D9}") = "CoreBusiness", "CoreBusiness\CoreBusiness.vbproj", "{82DF339E-456D-4D92-9AE1-B2A7508D8294}"
EndProject
Project("{F184B08F-C81C-45F6-A57F-5ABD9991F28F}") = "AppCore", "AppCore\AppCore.vbproj", "{929F1E6E-6A34-47C7-B2E4-E3F13B28E243}"
EndProject
Project("{778DAE3C-4631-46EA-AA77-85C1314464D9}") = "DataAccessLayer", "DataAccessLayer\DataAccessLayer.vbproj", "{D50ACD27-FEF9-4A82-85F2-DBD7276A9DC5}"
EndProject
Project("{778DAE3C-4631-46EA-AA77-85C1314464D9}") = "FO", "FO\FO.vbproj", "{9C94CFEB-2674-431A-8D4F-167B0058CA0E}"
EndProject
Project("{778DAE3C-4631-46EA-AA77-85C1314464D9}") = "CL", "CL\CL.vbproj", "{57FF4645-6BA0-4435-8CCB-7280487D34F7}"
EndProject
Project("{778DAE3C-4631-46EA-AA77-85C1314464D9}") = "HOSTReport", "HOSTReport\HOSTReport.vbproj", "{29AAE5F1-68F4-4727-A2BF-3F284270C4B9}"
EndProject
Project("{778DAE3C-4631-46EA-AA77-85C1314464D9}") = "Host", "Host\Host.vbproj", "{664B8B41-2CDF-4735-9DB0-4E2A39A24960}"
EndProject
Project("{778DAE3C-4631-46EA-AA77-85C1314464D9}") = "FN", "FN\FN.vbproj", "{4CC02AD4-FE11-4AEF-823D-FD436F32AD64}"
EndProject
Project("{778DAE3C-4631-46EA-AA77-85C1314464D9}") = "BO", "BO\BO.vbproj", "{BE1D6AAC-8BD1-421C-83C1-EB71A6948AF1}"
EndProject
Project("{FAE04EC0-301F-11D3-BF4B-00C04F79EFBC}") = "update", "update\update.csproj", "{19DBDEC2-CE4B-4344-AF68-FD769A2B65A7}"
EndProject
Project("{778DAE3C-4631-46EA-AA77-85C1314464D9}") = "SY", "SY\SY.vbproj", "{42114C78-167B-41F4-AEEA-9AFEE4F5572C}"
EndProject
Project("{778DAE3C-4631-46EA-AA77-85C1314464D9}") = "ST", "ST\ST.vbproj", "{355FCEE7-4743-415F-BEE6-9C044DE9BA4B}"
EndProject
Project("{778DAE3C-4631-46EA-AA77-85C1314464D9}") = "FA", "FA\FA.vbproj", "{6C279D72-4248-439B-81F1-3AAE1DEFBFC8}"
EndProject
Project("{778DAE3C-4631-46EA-AA77-85C1314464D9}") = "DD", "DD\DD.vbproj", "{D87CD05B-064D-4D12-86ED-35399FF9FD9A}"
EndProject
Project("{778DAE3C-4631-46EA-AA77-85C1314464D9}") = "EA", "EA\EA.vbproj", "{6A5C1415-5C70-4CC3-9944-8A02FFD45277}"
EndProject
Project("{778DAE3C-4631-46EA-AA77-85C1314464D9}") = "BA", "BA\BA.vbproj", "{492E85F3-ABEB-4975-ACF8-2D8A79F9CE86}"
EndProject
Project("{778DAE3C-4631-46EA-AA77-85C1314464D9}") = "AP", "AP\AP.vbproj", "{5D401CB2-E52D-4B15-ACA8-BA67A48D04CF}"
EndProject
Project("{778DAE3C-4631-46EA-AA77-85C1314464D9}") = "HostCommonLibrary", "HostCommonLibrary\HostCommonLibrary.vbproj", "{D36D8B78-0A65-4C42-838B-AC66449BC70C}"
EndProject
Project("{778DAE3C-4631-46EA-AA77-85C1314464D9}") = "HOSTService", "HOSTService\HOSTService.vbproj", "{BEF2F19A-7CF2-4BBB-A298-D75F06077AD5}"
EndProject
Project("{F184B08F-C81C-45F6-A57F-5ABD9991F28F}") = "CBPlus", "CBPlus\CBPlus.vbproj", "{AC2E4047-9529-49C7-B34D-5408DEE94B96}"
EndProject
Global
	GlobalSection(SolutionConfigurationPlatforms) = preSolution
		Debug|.NET = Debug|.NET
		Debug|Any CPU = Debug|Any CPU
		Debug|Mixed Platforms = Debug|Mixed Platforms
		Debug|x64 = Debug|x64
		Debug|x86 = Debug|x86
		Release x64|.NET = Release x64|.NET
		Release x64|Any CPU = Release x64|Any CPU
		Release x64|Mixed Platforms = Release x64|Mixed Platforms
		Release x64|x64 = Release x64|x64
		Release x64|x86 = Release x64|x86
		Release|.NET = Release|.NET
		Release|Any CPU = Release|Any CPU
		Release|Mixed Platforms = Release|Mixed Platforms
		Release|x64 = Release|x64
		Release|x86 = Release|x86
	EndGlobalSection
	GlobalSection(ProjectConfigurationPlatforms) = postSolution
		{83F05440-B66F-4B67-BD3A-AF61A5C0B8AB}.Debug|.NET.ActiveCfg = Debug|Any CPU
		{83F05440-B66F-4B67-BD3A-AF61A5C0B8AB}.Debug|Any CPU.ActiveCfg = Debug|Any CPU
		{83F05440-B66F-4B67-BD3A-AF61A5C0B8AB}.Debug|Any CPU.Build.0 = Debug|Any CPU
		{83F05440-B66F-4B67-BD3A-AF61A5C0B8AB}.Debug|Mixed Platforms.ActiveCfg = Debug|Any CPU
		{83F05440-B66F-4B67-BD3A-AF61A5C0B8AB}.Debug|Mixed Platforms.Build.0 = Debug|Any CPU
		{83F05440-B66F-4B67-BD3A-AF61A5C0B8AB}.Debug|x64.ActiveCfg = Debug|Any CPU
		{83F05440-B66F-4B67-BD3A-AF61A5C0B8AB}.Debug|x64.Build.0 = Debug|Any CPU
		{83F05440-B66F-4B67-BD3A-AF61A5C0B8AB}.Debug|x86.ActiveCfg = Debug|Any CPU
		{83F05440-B66F-4B67-BD3A-AF61A5C0B8AB}.Release x64|.NET.ActiveCfg = Release|Any CPU
		{83F05440-B66F-4B67-BD3A-AF61A5C0B8AB}.Release x64|Any CPU.ActiveCfg = Release|Any CPU
		{83F05440-B66F-4B67-BD3A-AF61A5C0B8AB}.Release x64|Any CPU.Build.0 = Release|Any CPU
		{83F05440-B66F-4B67-BD3A-AF61A5C0B8AB}.Release x64|Mixed Platforms.ActiveCfg = Release|Any CPU
		{83F05440-B66F-4B67-BD3A-AF61A5C0B8AB}.Release x64|Mixed Platforms.Build.0 = Release|Any CPU
		{83F05440-B66F-4B67-BD3A-AF61A5C0B8AB}.Release x64|x64.ActiveCfg = Release|Any CPU
		{83F05440-B66F-4B67-BD3A-AF61A5C0B8AB}.Release x64|x86.ActiveCfg = Release|Any CPU
		{83F05440-B66F-4B67-BD3A-AF61A5C0B8AB}.Release|.NET.ActiveCfg = Release|Any CPU
		{83F05440-B66F-4B67-BD3A-AF61A5C0B8AB}.Release|Any CPU.ActiveCfg = Release|Any CPU
		{83F05440-B66F-4B67-BD3A-AF61A5C0B8AB}.Release|Any CPU.Build.0 = Release|Any CPU
		{83F05440-B66F-4B67-BD3A-AF61A5C0B8AB}.Release|Mixed Platforms.ActiveCfg = Release|Any CPU
		{83F05440-B66F-4B67-BD3A-AF61A5C0B8AB}.Release|Mixed Platforms.Build.0 = Release|Any CPU
		{83F05440-B66F-4B67-BD3A-AF61A5C0B8AB}.Release|x64.ActiveCfg = Release|Any CPU
		{83F05440-B66F-4B67-BD3A-AF61A5C0B8AB}.Release|x86.ActiveCfg = Release|Any CPU
		{DC2D1AA7-8333-4B8F-A595-E5087EEBEF31}.Debug|.NET.ActiveCfg = Debug|Any CPU
		{DC2D1AA7-8333-4B8F-A595-E5087EEBEF31}.Debug|Any CPU.ActiveCfg = Debug|Any CPU
		{DC2D1AA7-8333-4B8F-A595-E5087EEBEF31}.Debug|Any CPU.Build.0 = Debug|Any CPU
		{DC2D1AA7-8333-4B8F-A595-E5087EEBEF31}.Debug|Mixed Platforms.ActiveCfg = Debug|Any CPU
		{DC2D1AA7-8333-4B8F-A595-E5087EEBEF31}.Debug|Mixed Platforms.Build.0 = Debug|Any CPU
		{DC2D1AA7-8333-4B8F-A595-E5087EEBEF31}.Debug|x64.ActiveCfg = Debug|Any CPU
		{DC2D1AA7-8333-4B8F-A595-E5087EEBEF31}.Debug|x64.Build.0 = Debug|Any CPU
		{DC2D1AA7-8333-4B8F-A595-E5087EEBEF31}.Debug|x86.ActiveCfg = Debug|Any CPU
		{DC2D1AA7-8333-4B8F-A595-E5087EEBEF31}.Release x64|.NET.ActiveCfg = Release|Any CPU
		{DC2D1AA7-8333-4B8F-A595-E5087EEBEF31}.Release x64|Any CPU.ActiveCfg = Release|Any CPU
		{DC2D1AA7-8333-4B8F-A595-E5087EEBEF31}.Release x64|Any CPU.Build.0 = Release|Any CPU
		{DC2D1AA7-8333-4B8F-A595-E5087EEBEF31}.Release x64|Mixed Platforms.ActiveCfg = Release|Any CPU
		{DC2D1AA7-8333-4B8F-A595-E5087EEBEF31}.Release x64|Mixed Platforms.Build.0 = Release|Any CPU
		{DC2D1AA7-8333-4B8F-A595-E5087EEBEF31}.Release x64|x64.ActiveCfg = Release|Any CPU
		{DC2D1AA7-8333-4B8F-A595-E5087EEBEF31}.Release x64|x86.ActiveCfg = Release|Any CPU
		{DC2D1AA7-8333-4B8F-A595-E5087EEBEF31}.Release|.NET.ActiveCfg = Release|Any CPU
		{DC2D1AA7-8333-4B8F-A595-E5087EEBEF31}.Release|Any CPU.ActiveCfg = Release|Any CPU
		{DC2D1AA7-8333-4B8F-A595-E5087EEBEF31}.Release|Any CPU.Build.0 = Release|Any CPU
		{DC2D1AA7-8333-4B8F-A595-E5087EEBEF31}.Release|Mixed Platforms.ActiveCfg = Release|Any CPU
		{DC2D1AA7-8333-4B8F-A595-E5087EEBEF31}.Release|Mixed Platforms.Build.0 = Release|Any CPU
		{DC2D1AA7-8333-4B8F-A595-E5087EEBEF31}.Release|x64.ActiveCfg = Release|Any CPU
		{DC2D1AA7-8333-4B8F-A595-E5087EEBEF31}.Release|x86.ActiveCfg = Release|Any CPU
		{809B7F25-2FE3-4CCD-AF8F-970C7D726840}.Debug|.NET.ActiveCfg = Debug|Any CPU
		{809B7F25-2FE3-4CCD-AF8F-970C7D726840}.Debug|Any CPU.ActiveCfg = Debug|Any CPU
		{809B7F25-2FE3-4CCD-AF8F-970C7D726840}.Debug|Any CPU.Build.0 = Debug|Any CPU
		{809B7F25-2FE3-4CCD-AF8F-970C7D726840}.Debug|Mixed Platforms.ActiveCfg = Debug|Any CPU
		{809B7F25-2FE3-4CCD-AF8F-970C7D726840}.Debug|Mixed Platforms.Build.0 = Debug|Any CPU
		{809B7F25-2FE3-4CCD-AF8F-970C7D726840}.Debug|x64.ActiveCfg = Debug|Any CPU
		{809B7F25-2FE3-4CCD-AF8F-970C7D726840}.Debug|x64.Build.0 = Debug|Any CPU
		{809B7F25-2FE3-4CCD-AF8F-970C7D726840}.Debug|x86.ActiveCfg = Debug|Any CPU
		{809B7F25-2FE3-4CCD-AF8F-970C7D726840}.Release x64|.NET.ActiveCfg = Release|Any CPU
		{809B7F25-2FE3-4CCD-AF8F-970C7D726840}.Release x64|Any CPU.ActiveCfg = Release|Any CPU
		{809B7F25-2FE3-4CCD-AF8F-970C7D726840}.Release x64|Any CPU.Build.0 = Release|Any CPU
		{809B7F25-2FE3-4CCD-AF8F-970C7D726840}.Release x64|Mixed Platforms.ActiveCfg = Release|Any CPU
		{809B7F25-2FE3-4CCD-AF8F-970C7D726840}.Release x64|Mixed Platforms.Build.0 = Release|Any CPU
		{809B7F25-2FE3-4CCD-AF8F-970C7D726840}.Release x64|x64.ActiveCfg = Release|Any CPU
		{809B7F25-2FE3-4CCD-AF8F-970C7D726840}.Release x64|x86.ActiveCfg = Release|Any CPU
		{809B7F25-2FE3-4CCD-AF8F-970C7D726840}.Release|.NET.ActiveCfg = Release|Any CPU
		{809B7F25-2FE3-4CCD-AF8F-970C7D726840}.Release|Any CPU.ActiveCfg = Release|Any CPU
		{809B7F25-2FE3-4CCD-AF8F-970C7D726840}.Release|Any CPU.Build.0 = Release|Any CPU
		{809B7F25-2FE3-4CCD-AF8F-970C7D726840}.Release|Mixed Platforms.ActiveCfg = Release|Any CPU
		{809B7F25-2FE3-4CCD-AF8F-970C7D726840}.Release|Mixed Platforms.Build.0 = Release|Any CPU
		{809B7F25-2FE3-4CCD-AF8F-970C7D726840}.Release|x64.ActiveCfg = Release|Any CPU
		{809B7F25-2FE3-4CCD-AF8F-970C7D726840}.Release|x86.ActiveCfg = Release|Any CPU
		{B34621D3-7432-4F55-955E-EE50B32963DF}.Debug|.NET.ActiveCfg = Debug|Any CPU
		{B34621D3-7432-4F55-955E-EE50B32963DF}.Debug|Any CPU.ActiveCfg = Debug|Any CPU
		{B34621D3-7432-4F55-955E-EE50B32963DF}.Debug|Any CPU.Build.0 = Debug|Any CPU
		{B34621D3-7432-4F55-955E-EE50B32963DF}.Debug|Mixed Platforms.ActiveCfg = Debug|Any CPU
		{B34621D3-7432-4F55-955E-EE50B32963DF}.Debug|Mixed Platforms.Build.0 = Debug|Any CPU
		{B34621D3-7432-4F55-955E-EE50B32963DF}.Debug|x64.ActiveCfg = Debug|Any CPU
		{B34621D3-7432-4F55-955E-EE50B32963DF}.Debug|x64.Build.0 = Debug|Any CPU
		{B34621D3-7432-4F55-955E-EE50B32963DF}.Debug|x86.ActiveCfg = Debug|Any CPU
		{B34621D3-7432-4F55-955E-EE50B32963DF}.Release x64|.NET.ActiveCfg = Release|Any CPU
		{B34621D3-7432-4F55-955E-EE50B32963DF}.Release x64|Any CPU.ActiveCfg = Release|Any CPU
		{B34621D3-7432-4F55-955E-EE50B32963DF}.Release x64|Any CPU.Build.0 = Release|Any CPU
		{B34621D3-7432-4F55-955E-EE50B32963DF}.Release x64|Mixed Platforms.ActiveCfg = Release|Any CPU
		{B34621D3-7432-4F55-955E-EE50B32963DF}.Release x64|Mixed Platforms.Build.0 = Release|Any CPU
		{B34621D3-7432-4F55-955E-EE50B32963DF}.Release x64|x64.ActiveCfg = Release|Any CPU
		{B34621D3-7432-4F55-955E-EE50B32963DF}.Release x64|x86.ActiveCfg = Release|Any CPU
		{B34621D3-7432-4F55-955E-EE50B32963DF}.Release|.NET.ActiveCfg = Release|Any CPU
		{B34621D3-7432-4F55-955E-EE50B32963DF}.Release|Any CPU.ActiveCfg = Release|Any CPU
		{B34621D3-7432-4F55-955E-EE50B32963DF}.Release|Any CPU.Build.0 = Release|Any CPU
		{B34621D3-7432-4F55-955E-EE50B32963DF}.Release|Mixed Platforms.ActiveCfg = Release|Any CPU
		{B34621D3-7432-4F55-955E-EE50B32963DF}.Release|Mixed Platforms.Build.0 = Release|Any CPU
		{B34621D3-7432-4F55-955E-EE50B32963DF}.Release|x64.ActiveCfg = Release|Any CPU
		{B34621D3-7432-4F55-955E-EE50B32963DF}.Release|x86.ActiveCfg = Release|Any CPU
		{A5C3A7C4-B1A9-4AA3-9166-29165DFFDB11}.Debug|.NET.ActiveCfg = Debug|Any CPU
		{A5C3A7C4-B1A9-4AA3-9166-29165DFFDB11}.Debug|Any CPU.ActiveCfg = Debug|Any CPU
		{A5C3A7C4-B1A9-4AA3-9166-29165DFFDB11}.Debug|Any CPU.Build.0 = Debug|Any CPU
		{A5C3A7C4-B1A9-4AA3-9166-29165DFFDB11}.Debug|Mixed Platforms.ActiveCfg = Debug|Any CPU
		{A5C3A7C4-B1A9-4AA3-9166-29165DFFDB11}.Debug|Mixed Platforms.Build.0 = Debug|Any CPU
		{A5C3A7C4-B1A9-4AA3-9166-29165DFFDB11}.Debug|x64.ActiveCfg = Debug|Any CPU
		{A5C3A7C4-B1A9-4AA3-9166-29165DFFDB11}.Debug|x64.Build.0 = Debug|Any CPU
		{A5C3A7C4-B1A9-4AA3-9166-29165DFFDB11}.Debug|x86.ActiveCfg = Debug|Any CPU
		{A5C3A7C4-B1A9-4AA3-9166-29165DFFDB11}.Release x64|.NET.ActiveCfg = Release|Any CPU
		{A5C3A7C4-B1A9-4AA3-9166-29165DFFDB11}.Release x64|Any CPU.ActiveCfg = Release|Any CPU
		{A5C3A7C4-B1A9-4AA3-9166-29165DFFDB11}.Release x64|Any CPU.Build.0 = Release|Any CPU
		{A5C3A7C4-B1A9-4AA3-9166-29165DFFDB11}.Release x64|Mixed Platforms.ActiveCfg = Release|Any CPU
		{A5C3A7C4-B1A9-4AA3-9166-29165DFFDB11}.Release x64|Mixed Platforms.Build.0 = Release|Any CPU
		{A5C3A7C4-B1A9-4AA3-9166-29165DFFDB11}.Release x64|x64.ActiveCfg = Release|Any CPU
		{A5C3A7C4-B1A9-4AA3-9166-29165DFFDB11}.Release x64|x86.ActiveCfg = Release|Any CPU
		{A5C3A7C4-B1A9-4AA3-9166-29165DFFDB11}.Release|.NET.ActiveCfg = Release|Any CPU
		{A5C3A7C4-B1A9-4AA3-9166-29165DFFDB11}.Release|Any CPU.ActiveCfg = Release|Any CPU
		{A5C3A7C4-B1A9-4AA3-9166-29165DFFDB11}.Release|Any CPU.Build.0 = Release|Any CPU
		{A5C3A7C4-B1A9-4AA3-9166-29165DFFDB11}.Release|Mixed Platforms.ActiveCfg = Release|Any CPU
		{A5C3A7C4-B1A9-4AA3-9166-29165DFFDB11}.Release|Mixed Platforms.Build.0 = Release|Any CPU
		{A5C3A7C4-B1A9-4AA3-9166-29165DFFDB11}.Release|x64.ActiveCfg = Release|Any CPU
		{A5C3A7C4-B1A9-4AA3-9166-29165DFFDB11}.Release|x86.ActiveCfg = Release|Any CPU
		{A9F61226-18C5-4686-BF4B-8CBD05CED6E7}.Debug|.NET.ActiveCfg = Debug|Any CPU
		{A9F61226-18C5-4686-BF4B-8CBD05CED6E7}.Debug|Any CPU.ActiveCfg = Debug|Any CPU
		{A9F61226-18C5-4686-BF4B-8CBD05CED6E7}.Debug|Any CPU.Build.0 = Debug|Any CPU
		{A9F61226-18C5-4686-BF4B-8CBD05CED6E7}.Debug|Mixed Platforms.ActiveCfg = Debug|Any CPU
		{A9F61226-18C5-4686-BF4B-8CBD05CED6E7}.Debug|Mixed Platforms.Build.0 = Debug|Any CPU
		{A9F61226-18C5-4686-BF4B-8CBD05CED6E7}.Debug|x64.ActiveCfg = Debug|Any CPU
		{A9F61226-18C5-4686-BF4B-8CBD05CED6E7}.Debug|x64.Build.0 = Debug|Any CPU
		{A9F61226-18C5-4686-BF4B-8CBD05CED6E7}.Debug|x86.ActiveCfg = Debug|Any CPU
		{A9F61226-18C5-4686-BF4B-8CBD05CED6E7}.Release x64|.NET.ActiveCfg = Release|Any CPU
		{A9F61226-18C5-4686-BF4B-8CBD05CED6E7}.Release x64|Any CPU.ActiveCfg = Release|Any CPU
		{A9F61226-18C5-4686-BF4B-8CBD05CED6E7}.Release x64|Any CPU.Build.0 = Release|Any CPU
		{A9F61226-18C5-4686-BF4B-8CBD05CED6E7}.Release x64|Mixed Platforms.ActiveCfg = Release|Any CPU
		{A9F61226-18C5-4686-BF4B-8CBD05CED6E7}.Release x64|Mixed Platforms.Build.0 = Release|Any CPU
		{A9F61226-18C5-4686-BF4B-8CBD05CED6E7}.Release x64|x64.ActiveCfg = Release|Any CPU
		{A9F61226-18C5-4686-BF4B-8CBD05CED6E7}.Release x64|x86.ActiveCfg = Release|Any CPU
		{A9F61226-18C5-4686-BF4B-8CBD05CED6E7}.Release|.NET.ActiveCfg = Release|Any CPU
		{A9F61226-18C5-4686-BF4B-8CBD05CED6E7}.Release|Any CPU.ActiveCfg = Release|Any CPU
		{A9F61226-18C5-4686-BF4B-8CBD05CED6E7}.Release|Any CPU.Build.0 = Release|Any CPU
		{A9F61226-18C5-4686-BF4B-8CBD05CED6E7}.Release|Mixed Platforms.ActiveCfg = Release|Any CPU
		{A9F61226-18C5-4686-BF4B-8CBD05CED6E7}.Release|Mixed Platforms.Build.0 = Release|Any CPU
		{A9F61226-18C5-4686-BF4B-8CBD05CED6E7}.Release|x64.ActiveCfg = Release|Any CPU
		{A9F61226-18C5-4686-BF4B-8CBD05CED6E7}.Release|x86.ActiveCfg = Release|Any CPU
		{1723B9EC-1D27-49BB-AA1C-C556961B8C50}.Debug|.NET.ActiveCfg = Debug|Any CPU
		{1723B9EC-1D27-49BB-AA1C-C556961B8C50}.Debug|Any CPU.ActiveCfg = Debug|Any CPU
		{1723B9EC-1D27-49BB-AA1C-C556961B8C50}.Debug|Any CPU.Build.0 = Debug|Any CPU
		{1723B9EC-1D27-49BB-AA1C-C556961B8C50}.Debug|Mixed Platforms.ActiveCfg = Debug|Any CPU
		{1723B9EC-1D27-49BB-AA1C-C556961B8C50}.Debug|Mixed Platforms.Build.0 = Debug|Any CPU
		{1723B9EC-1D27-49BB-AA1C-C556961B8C50}.Debug|x64.ActiveCfg = Debug|Any CPU
		{1723B9EC-1D27-49BB-AA1C-C556961B8C50}.Debug|x64.Build.0 = Debug|Any CPU
		{1723B9EC-1D27-49BB-AA1C-C556961B8C50}.Debug|x86.ActiveCfg = Debug|Any CPU
		{1723B9EC-1D27-49BB-AA1C-C556961B8C50}.Release x64|.NET.ActiveCfg = Release|Any CPU
		{1723B9EC-1D27-49BB-AA1C-C556961B8C50}.Release x64|Any CPU.ActiveCfg = Release|Any CPU
		{1723B9EC-1D27-49BB-AA1C-C556961B8C50}.Release x64|Any CPU.Build.0 = Release|Any CPU
		{1723B9EC-1D27-49BB-AA1C-C556961B8C50}.Release x64|Mixed Platforms.ActiveCfg = Release|Any CPU
		{1723B9EC-1D27-49BB-AA1C-C556961B8C50}.Release x64|Mixed Platforms.Build.0 = Release|Any CPU
		{1723B9EC-1D27-49BB-AA1C-C556961B8C50}.Release x64|x64.ActiveCfg = Release|Any CPU
		{1723B9EC-1D27-49BB-AA1C-C556961B8C50}.Release x64|x86.ActiveCfg = Release|Any CPU
		{1723B9EC-1D27-49BB-AA1C-C556961B8C50}.Release|.NET.ActiveCfg = Release|Any CPU
		{1723B9EC-1D27-49BB-AA1C-C556961B8C50}.Release|Any CPU.ActiveCfg = Release|Any CPU
		{1723B9EC-1D27-49BB-AA1C-C556961B8C50}.Release|Any CPU.Build.0 = Release|Any CPU
		{1723B9EC-1D27-49BB-AA1C-C556961B8C50}.Release|Mixed Platforms.ActiveCfg = Release|Any CPU
		{1723B9EC-1D27-49BB-AA1C-C556961B8C50}.Release|Mixed Platforms.Build.0 = Release|Any CPU
		{1723B9EC-1D27-49BB-AA1C-C556961B8C50}.Release|x64.ActiveCfg = Release|Any CPU
		{1723B9EC-1D27-49BB-AA1C-C556961B8C50}.Release|x86.ActiveCfg = Release|Any CPU
		{FCB78396-A204-44C6-9449-96705299DD2D}.Debug|.NET.ActiveCfg = Debug|Any CPU
		{FCB78396-A204-44C6-9449-96705299DD2D}.Debug|Any CPU.ActiveCfg = Debug|Any CPU
		{FCB78396-A204-44C6-9449-96705299DD2D}.Debug|Any CPU.Build.0 = Debug|Any CPU
		{FCB78396-A204-44C6-9449-96705299DD2D}.Debug|Mixed Platforms.ActiveCfg = Debug|Any CPU
		{FCB78396-A204-44C6-9449-96705299DD2D}.Debug|Mixed Platforms.Build.0 = Debug|Any CPU
		{FCB78396-A204-44C6-9449-96705299DD2D}.Debug|x64.ActiveCfg = Debug|Any CPU
		{FCB78396-A204-44C6-9449-96705299DD2D}.Debug|x64.Build.0 = Debug|Any CPU
		{FCB78396-A204-44C6-9449-96705299DD2D}.Debug|x86.ActiveCfg = Debug|Any CPU
		{FCB78396-A204-44C6-9449-96705299DD2D}.Release x64|.NET.ActiveCfg = Release|Any CPU
		{FCB78396-A204-44C6-9449-96705299DD2D}.Release x64|Any CPU.ActiveCfg = Release|Any CPU
		{FCB78396-A204-44C6-9449-96705299DD2D}.Release x64|Any CPU.Build.0 = Release|Any CPU
		{FCB78396-A204-44C6-9449-96705299DD2D}.Release x64|Mixed Platforms.ActiveCfg = Release|Any CPU
		{FCB78396-A204-44C6-9449-96705299DD2D}.Release x64|Mixed Platforms.Build.0 = Release|Any CPU
		{FCB78396-A204-44C6-9449-96705299DD2D}.Release x64|x64.ActiveCfg = Release|Any CPU
		{FCB78396-A204-44C6-9449-96705299DD2D}.Release x64|x86.ActiveCfg = Release|Any CPU
		{FCB78396-A204-44C6-9449-96705299DD2D}.Release|.NET.ActiveCfg = Release|Any CPU
		{FCB78396-A204-44C6-9449-96705299DD2D}.Release|Any CPU.ActiveCfg = Release|Any CPU
		{FCB78396-A204-44C6-9449-96705299DD2D}.Release|Any CPU.Build.0 = Release|Any CPU
		{FCB78396-A204-44C6-9449-96705299DD2D}.Release|Mixed Platforms.ActiveCfg = Release|Any CPU
		{FCB78396-A204-44C6-9449-96705299DD2D}.Release|x64.ActiveCfg = Release|Any CPU
		{FCB78396-A204-44C6-9449-96705299DD2D}.Release|x86.ActiveCfg = Release|Any CPU
		{D08773CC-EEB0-403E-B66B-D1964626F985}.Debug|.NET.ActiveCfg = Debug|Any CPU
		{D08773CC-EEB0-403E-B66B-D1964626F985}.Debug|Any CPU.ActiveCfg = Debug|Any CPU
		{D08773CC-EEB0-403E-B66B-D1964626F985}.Debug|Any CPU.Build.0 = Debug|Any CPU
		{D08773CC-EEB0-403E-B66B-D1964626F985}.Debug|Mixed Platforms.ActiveCfg = Debug|Any CPU
		{D08773CC-EEB0-403E-B66B-D1964626F985}.Debug|Mixed Platforms.Build.0 = Debug|Any CPU
		{D08773CC-EEB0-403E-B66B-D1964626F985}.Debug|x64.ActiveCfg = Debug|Any CPU
		{D08773CC-EEB0-403E-B66B-D1964626F985}.Debug|x64.Build.0 = Debug|Any CPU
		{D08773CC-EEB0-403E-B66B-D1964626F985}.Debug|x86.ActiveCfg = Debug|Any CPU
		{D08773CC-EEB0-403E-B66B-D1964626F985}.Release x64|.NET.ActiveCfg = Release|Any CPU
		{D08773CC-EEB0-403E-B66B-D1964626F985}.Release x64|Any CPU.ActiveCfg = Release|Any CPU
		{D08773CC-EEB0-403E-B66B-D1964626F985}.Release x64|Any CPU.Build.0 = Release|Any CPU
		{D08773CC-EEB0-403E-B66B-D1964626F985}.Release x64|Mixed Platforms.ActiveCfg = Release|Any CPU
		{D08773CC-EEB0-403E-B66B-D1964626F985}.Release x64|Mixed Platforms.Build.0 = Release|Any CPU
		{D08773CC-EEB0-403E-B66B-D1964626F985}.Release x64|x64.ActiveCfg = Release|Any CPU
		{D08773CC-EEB0-403E-B66B-D1964626F985}.Release x64|x86.ActiveCfg = Release|Any CPU
		{D08773CC-EEB0-403E-B66B-D1964626F985}.Release|.NET.ActiveCfg = Release|Any CPU
		{D08773CC-EEB0-403E-B66B-D1964626F985}.Release|Any CPU.ActiveCfg = Release|Any CPU
		{D08773CC-EEB0-403E-B66B-D1964626F985}.Release|Any CPU.Build.0 = Release|Any CPU
		{D08773CC-EEB0-403E-B66B-D1964626F985}.Release|Mixed Platforms.ActiveCfg = Release|Any CPU
		{D08773CC-EEB0-403E-B66B-D1964626F985}.Release|Mixed Platforms.Build.0 = Release|Any CPU
		{D08773CC-EEB0-403E-B66B-D1964626F985}.Release|x64.ActiveCfg = Release|Any CPU
		{D08773CC-EEB0-403E-B66B-D1964626F985}.Release|x86.ActiveCfg = Release|Any CPU
		{82DF339E-456D-4D92-9AE1-B2A7508D8294}.Debug|.NET.ActiveCfg = Debug|Any CPU
		{82DF339E-456D-4D92-9AE1-B2A7508D8294}.Debug|Any CPU.ActiveCfg = Debug|Any CPU
		{82DF339E-456D-4D92-9AE1-B2A7508D8294}.Debug|Any CPU.Build.0 = Debug|Any CPU
		{82DF339E-456D-4D92-9AE1-B2A7508D8294}.Debug|Mixed Platforms.ActiveCfg = Debug|Any CPU
		{82DF339E-456D-4D92-9AE1-B2A7508D8294}.Debug|Mixed Platforms.Build.0 = Debug|Any CPU
		{82DF339E-456D-4D92-9AE1-B2A7508D8294}.Debug|x64.ActiveCfg = Debug|Any CPU
		{82DF339E-456D-4D92-9AE1-B2A7508D8294}.Debug|x64.Build.0 = Debug|Any CPU
		{82DF339E-456D-4D92-9AE1-B2A7508D8294}.Debug|x86.ActiveCfg = Debug|Any CPU
		{82DF339E-456D-4D92-9AE1-B2A7508D8294}.Release x64|.NET.ActiveCfg = Release|Any CPU
		{82DF339E-456D-4D92-9AE1-B2A7508D8294}.Release x64|Any CPU.ActiveCfg = Release|Any CPU
		{82DF339E-456D-4D92-9AE1-B2A7508D8294}.Release x64|Any CPU.Build.0 = Release|Any CPU
		{82DF339E-456D-4D92-9AE1-B2A7508D8294}.Release x64|Mixed Platforms.ActiveCfg = Release|Any CPU
		{82DF339E-456D-4D92-9AE1-B2A7508D8294}.Release x64|Mixed Platforms.Build.0 = Release|Any CPU
		{82DF339E-456D-4D92-9AE1-B2A7508D8294}.Release x64|x64.ActiveCfg = Release|Any CPU
		{82DF339E-456D-4D92-9AE1-B2A7508D8294}.Release x64|x86.ActiveCfg = Release|Any CPU
		{82DF339E-456D-4D92-9AE1-B2A7508D8294}.Release|.NET.ActiveCfg = Release|Any CPU
		{82DF339E-456D-4D92-9AE1-B2A7508D8294}.Release|Any CPU.ActiveCfg = Release|Any CPU
		{82DF339E-456D-4D92-9AE1-B2A7508D8294}.Release|Any CPU.Build.0 = Release|Any CPU
		{82DF339E-456D-4D92-9AE1-B2A7508D8294}.Release|Mixed Platforms.ActiveCfg = Release|Any CPU
		{82DF339E-456D-4D92-9AE1-B2A7508D8294}.Release|Mixed Platforms.Build.0 = Release|Any CPU
		{82DF339E-456D-4D92-9AE1-B2A7508D8294}.Release|x64.ActiveCfg = Release|Any CPU
		{82DF339E-456D-4D92-9AE1-B2A7508D8294}.Release|x86.ActiveCfg = Release|Any CPU
		{929F1E6E-6A34-47C7-B2E4-E3F13B28E243}.Debug|.NET.ActiveCfg = Debug|Any CPU
		{929F1E6E-6A34-47C7-B2E4-E3F13B28E243}.Debug|Any CPU.ActiveCfg = Debug|Any CPU
		{929F1E6E-6A34-47C7-B2E4-E3F13B28E243}.Debug|Any CPU.Build.0 = Debug|Any CPU
		{929F1E6E-6A34-47C7-B2E4-E3F13B28E243}.Debug|Mixed Platforms.ActiveCfg = Debug|Any CPU
		{929F1E6E-6A34-47C7-B2E4-E3F13B28E243}.Debug|Mixed Platforms.Build.0 = Debug|Any CPU
		{929F1E6E-6A34-47C7-B2E4-E3F13B28E243}.Debug|x64.ActiveCfg = Debug|Any CPU
		{929F1E6E-6A34-47C7-B2E4-E3F13B28E243}.Debug|x64.Build.0 = Debug|Any CPU
		{929F1E6E-6A34-47C7-B2E4-E3F13B28E243}.Debug|x86.ActiveCfg = Debug|Any CPU
		{929F1E6E-6A34-47C7-B2E4-E3F13B28E243}.Release x64|.NET.ActiveCfg = Release|Any CPU
		{929F1E6E-6A34-47C7-B2E4-E3F13B28E243}.Release x64|Any CPU.ActiveCfg = Release|Any CPU
		{929F1E6E-6A34-47C7-B2E4-E3F13B28E243}.Release x64|Any CPU.Build.0 = Release|Any CPU
		{929F1E6E-6A34-47C7-B2E4-E3F13B28E243}.Release x64|Mixed Platforms.ActiveCfg = Release|Any CPU
		{929F1E6E-6A34-47C7-B2E4-E3F13B28E243}.Release x64|Mixed Platforms.Build.0 = Release|Any CPU
		{929F1E6E-6A34-47C7-B2E4-E3F13B28E243}.Release x64|x64.ActiveCfg = Release|Any CPU
		{929F1E6E-6A34-47C7-B2E4-E3F13B28E243}.Release x64|x86.ActiveCfg = Release|Any CPU
		{929F1E6E-6A34-47C7-B2E4-E3F13B28E243}.Release|.NET.ActiveCfg = Release|Any CPU
		{929F1E6E-6A34-47C7-B2E4-E3F13B28E243}.Release|Any CPU.ActiveCfg = Release|Any CPU
		{929F1E6E-6A34-47C7-B2E4-E3F13B28E243}.Release|Any CPU.Build.0 = Release|Any CPU
		{929F1E6E-6A34-47C7-B2E4-E3F13B28E243}.Release|Mixed Platforms.ActiveCfg = Release|Any CPU
		{929F1E6E-6A34-47C7-B2E4-E3F13B28E243}.Release|Mixed Platforms.Build.0 = Release|Any CPU
		{929F1E6E-6A34-47C7-B2E4-E3F13B28E243}.Release|x64.ActiveCfg = Release|Any CPU
		{929F1E6E-6A34-47C7-B2E4-E3F13B28E243}.Release|x86.ActiveCfg = Release|Any CPU
		{D50ACD27-FEF9-4A82-85F2-DBD7276A9DC5}.Debug|.NET.ActiveCfg = Debug|Any CPU
		{D50ACD27-FEF9-4A82-85F2-DBD7276A9DC5}.Debug|Any CPU.ActiveCfg = Debug|Any CPU
		{D50ACD27-FEF9-4A82-85F2-DBD7276A9DC5}.Debug|Any CPU.Build.0 = Debug|Any CPU
		{D50ACD27-FEF9-4A82-85F2-DBD7276A9DC5}.Debug|Mixed Platforms.ActiveCfg = Debug|Any CPU
		{D50ACD27-FEF9-4A82-85F2-DBD7276A9DC5}.Debug|Mixed Platforms.Build.0 = Debug|Any CPU
		{D50ACD27-FEF9-4A82-85F2-DBD7276A9DC5}.Debug|x64.ActiveCfg = Debug|Any CPU
		{D50ACD27-FEF9-4A82-85F2-DBD7276A9DC5}.Debug|x64.Build.0 = Debug|Any CPU
		{D50ACD27-FEF9-4A82-85F2-DBD7276A9DC5}.Debug|x86.ActiveCfg = Debug|Any CPU
		{D50ACD27-FEF9-4A82-85F2-DBD7276A9DC5}.Release x64|.NET.ActiveCfg = Release|Any CPU
		{D50ACD27-FEF9-4A82-85F2-DBD7276A9DC5}.Release x64|Any CPU.ActiveCfg = Release|Any CPU
		{D50ACD27-FEF9-4A82-85F2-DBD7276A9DC5}.Release x64|Any CPU.Build.0 = Release|Any CPU
		{D50ACD27-FEF9-4A82-85F2-DBD7276A9DC5}.Release x64|Mixed Platforms.ActiveCfg = Release|Any CPU
		{D50ACD27-FEF9-4A82-85F2-DBD7276A9DC5}.Release x64|Mixed Platforms.Build.0 = Release|Any CPU
		{D50ACD27-FEF9-4A82-85F2-DBD7276A9DC5}.Release x64|x64.ActiveCfg = Release|Any CPU
		{D50ACD27-FEF9-4A82-85F2-DBD7276A9DC5}.Release x64|x86.ActiveCfg = Release|Any CPU
		{D50ACD27-FEF9-4A82-85F2-DBD7276A9DC5}.Release|.NET.ActiveCfg = Release|Any CPU
		{D50ACD27-FEF9-4A82-85F2-DBD7276A9DC5}.Release|Any CPU.ActiveCfg = Release|Any CPU
		{D50ACD27-FEF9-4A82-85F2-DBD7276A9DC5}.Release|Any CPU.Build.0 = Release|Any CPU
		{D50ACD27-FEF9-4A82-85F2-DBD7276A9DC5}.Release|Mixed Platforms.ActiveCfg = Release|Any CPU
		{D50ACD27-FEF9-4A82-85F2-DBD7276A9DC5}.Release|Mixed Platforms.Build.0 = Release|Any CPU
		{D50ACD27-FEF9-4A82-85F2-DBD7276A9DC5}.Release|x64.ActiveCfg = Release|Any CPU
		{D50ACD27-FEF9-4A82-85F2-DBD7276A9DC5}.Release|x86.ActiveCfg = Release|Any CPU
		{9C94CFEB-2674-431A-8D4F-167B0058CA0E}.Debug|.NET.ActiveCfg = Debug|Any CPU
		{9C94CFEB-2674-431A-8D4F-167B0058CA0E}.Debug|Any CPU.ActiveCfg = Debug|Any CPU
		{9C94CFEB-2674-431A-8D4F-167B0058CA0E}.Debug|Any CPU.Build.0 = Debug|Any CPU
		{9C94CFEB-2674-431A-8D4F-167B0058CA0E}.Debug|Mixed Platforms.ActiveCfg = Debug|Any CPU
		{9C94CFEB-2674-431A-8D4F-167B0058CA0E}.Debug|Mixed Platforms.Build.0 = Debug|Any CPU
		{9C94CFEB-2674-431A-8D4F-167B0058CA0E}.Debug|x64.ActiveCfg = Debug|Any CPU
		{9C94CFEB-2674-431A-8D4F-167B0058CA0E}.Debug|x64.Build.0 = Debug|Any CPU
		{9C94CFEB-2674-431A-8D4F-167B0058CA0E}.Debug|x86.ActiveCfg = Debug|Any CPU
		{9C94CFEB-2674-431A-8D4F-167B0058CA0E}.Release x64|.NET.ActiveCfg = Release|Any CPU
		{9C94CFEB-2674-431A-8D4F-167B0058CA0E}.Release x64|Any CPU.ActiveCfg = Release|Any CPU
		{9C94CFEB-2674-431A-8D4F-167B0058CA0E}.Release x64|Any CPU.Build.0 = Release|Any CPU
		{9C94CFEB-2674-431A-8D4F-167B0058CA0E}.Release x64|Mixed Platforms.ActiveCfg = Release|Any CPU
		{9C94CFEB-2674-431A-8D4F-167B0058CA0E}.Release x64|Mixed Platforms.Build.0 = Release|Any CPU
		{9C94CFEB-2674-431A-8D4F-167B0058CA0E}.Release x64|x64.ActiveCfg = Release|Any CPU
		{9C94CFEB-2674-431A-8D4F-167B0058CA0E}.Release x64|x86.ActiveCfg = Release|Any CPU
		{9C94CFEB-2674-431A-8D4F-167B0058CA0E}.Release|.NET.ActiveCfg = Release|Any CPU
		{9C94CFEB-2674-431A-8D4F-167B0058CA0E}.Release|Any CPU.ActiveCfg = Release|Any CPU
		{9C94CFEB-2674-431A-8D4F-167B0058CA0E}.Release|Any CPU.Build.0 = Release|Any CPU
		{9C94CFEB-2674-431A-8D4F-167B0058CA0E}.Release|Mixed Platforms.ActiveCfg = Release|Any CPU
		{9C94CFEB-2674-431A-8D4F-167B0058CA0E}.Release|Mixed Platforms.Build.0 = Release|Any CPU
		{9C94CFEB-2674-431A-8D4F-167B0058CA0E}.Release|x64.ActiveCfg = Release|Any CPU
		{9C94CFEB-2674-431A-8D4F-167B0058CA0E}.Release|x86.ActiveCfg = Release|Any CPU
		{57FF4645-6BA0-4435-8CCB-7280487D34F7}.Debug|.NET.ActiveCfg = Debug|Any CPU
		{57FF4645-6BA0-4435-8CCB-7280487D34F7}.Debug|Any CPU.ActiveCfg = Debug|Any CPU
		{57FF4645-6BA0-4435-8CCB-7280487D34F7}.Debug|Any CPU.Build.0 = Debug|Any CPU
		{57FF4645-6BA0-4435-8CCB-7280487D34F7}.Debug|Mixed Platforms.ActiveCfg = Debug|Any CPU
		{57FF4645-6BA0-4435-8CCB-7280487D34F7}.Debug|Mixed Platforms.Build.0 = Debug|Any CPU
		{57FF4645-6BA0-4435-8CCB-7280487D34F7}.Debug|x64.ActiveCfg = Debug|Any CPU
		{57FF4645-6BA0-4435-8CCB-7280487D34F7}.Debug|x64.Build.0 = Debug|Any CPU
		{57FF4645-6BA0-4435-8CCB-7280487D34F7}.Debug|x86.ActiveCfg = Debug|Any CPU
		{57FF4645-6BA0-4435-8CCB-7280487D34F7}.Release x64|.NET.ActiveCfg = Release|Any CPU
		{57FF4645-6BA0-4435-8CCB-7280487D34F7}.Release x64|Any CPU.ActiveCfg = Release|Any CPU
		{57FF4645-6BA0-4435-8CCB-7280487D34F7}.Release x64|Any CPU.Build.0 = Release|Any CPU
		{57FF4645-6BA0-4435-8CCB-7280487D34F7}.Release x64|Mixed Platforms.ActiveCfg = Release|Any CPU
		{57FF4645-6BA0-4435-8CCB-7280487D34F7}.Release x64|Mixed Platforms.Build.0 = Release|Any CPU
		{57FF4645-6BA0-4435-8CCB-7280487D34F7}.Release x64|x64.ActiveCfg = Release|Any CPU
		{57FF4645-6BA0-4435-8CCB-7280487D34F7}.Release x64|x86.ActiveCfg = Release|Any CPU
		{57FF4645-6BA0-4435-8CCB-7280487D34F7}.Release|.NET.ActiveCfg = Release|Any CPU
		{57FF4645-6BA0-4435-8CCB-7280487D34F7}.Release|Any CPU.ActiveCfg = Release|Any CPU
		{57FF4645-6BA0-4435-8CCB-7280487D34F7}.Release|Any CPU.Build.0 = Release|Any CPU
		{57FF4645-6BA0-4435-8CCB-7280487D34F7}.Release|Mixed Platforms.ActiveCfg = Release|Any CPU
		{57FF4645-6BA0-4435-8CCB-7280487D34F7}.Release|Mixed Platforms.Build.0 = Release|Any CPU
		{57FF4645-6BA0-4435-8CCB-7280487D34F7}.Release|x64.ActiveCfg = Release|Any CPU
		{57FF4645-6BA0-4435-8CCB-7280487D34F7}.Release|x86.ActiveCfg = Release|Any CPU
		{29AAE5F1-68F4-4727-A2BF-3F284270C4B9}.Debug|.NET.ActiveCfg = Debug|Any CPU
		{29AAE5F1-68F4-4727-A2BF-3F284270C4B9}.Debug|Any CPU.ActiveCfg = Debug|Any CPU
		{29AAE5F1-68F4-4727-A2BF-3F284270C4B9}.Debug|Any CPU.Build.0 = Debug|Any CPU
		{29AAE5F1-68F4-4727-A2BF-3F284270C4B9}.Debug|Mixed Platforms.ActiveCfg = Debug|Any CPU
		{29AAE5F1-68F4-4727-A2BF-3F284270C4B9}.Debug|Mixed Platforms.Build.0 = Debug|Any CPU
		{29AAE5F1-68F4-4727-A2BF-3F284270C4B9}.Debug|x64.ActiveCfg = Debug|Any CPU
		{29AAE5F1-68F4-4727-A2BF-3F284270C4B9}.Debug|x64.Build.0 = Debug|Any CPU
		{29AAE5F1-68F4-4727-A2BF-3F284270C4B9}.Debug|x86.ActiveCfg = Debug|Any CPU
		{29AAE5F1-68F4-4727-A2BF-3F284270C4B9}.Release x64|.NET.ActiveCfg = Release|Any CPU
		{29AAE5F1-68F4-4727-A2BF-3F284270C4B9}.Release x64|Any CPU.ActiveCfg = Release|Any CPU
		{29AAE5F1-68F4-4727-A2BF-3F284270C4B9}.Release x64|Any CPU.Build.0 = Release|Any CPU
		{29AAE5F1-68F4-4727-A2BF-3F284270C4B9}.Release x64|Mixed Platforms.ActiveCfg = Release|Any CPU
		{29AAE5F1-68F4-4727-A2BF-3F284270C4B9}.Release x64|Mixed Platforms.Build.0 = Release|Any CPU
		{29AAE5F1-68F4-4727-A2BF-3F284270C4B9}.Release x64|x64.ActiveCfg = Release|Any CPU
		{29AAE5F1-68F4-4727-A2BF-3F284270C4B9}.Release x64|x86.ActiveCfg = Release|Any CPU
		{29AAE5F1-68F4-4727-A2BF-3F284270C4B9}.Release|.NET.ActiveCfg = Release|Any CPU
		{29AAE5F1-68F4-4727-A2BF-3F284270C4B9}.Release|Any CPU.ActiveCfg = Release|Any CPU
		{29AAE5F1-68F4-4727-A2BF-3F284270C4B9}.Release|Any CPU.Build.0 = Release|Any CPU
		{29AAE5F1-68F4-4727-A2BF-3F284270C4B9}.Release|Mixed Platforms.ActiveCfg = Release|Any CPU
		{29AAE5F1-68F4-4727-A2BF-3F284270C4B9}.Release|Mixed Platforms.Build.0 = Release|Any CPU
		{29AAE5F1-68F4-4727-A2BF-3F284270C4B9}.Release|x64.ActiveCfg = Release|Any CPU
		{29AAE5F1-68F4-4727-A2BF-3F284270C4B9}.Release|x86.ActiveCfg = Release|Any CPU
		{664B8B41-2CDF-4735-9DB0-4E2A39A24960}.Debug|.NET.ActiveCfg = Debug|Any CPU
		{664B8B41-2CDF-4735-9DB0-4E2A39A24960}.Debug|Any CPU.ActiveCfg = Debug|Any CPU
		{664B8B41-2CDF-4735-9DB0-4E2A39A24960}.Debug|Any CPU.Build.0 = Debug|Any CPU
		{664B8B41-2CDF-4735-9DB0-4E2A39A24960}.Debug|Mixed Platforms.ActiveCfg = Debug|Any CPU
		{664B8B41-2CDF-4735-9DB0-4E2A39A24960}.Debug|Mixed Platforms.Build.0 = Debug|Any CPU
		{664B8B41-2CDF-4735-9DB0-4E2A39A24960}.Debug|x64.ActiveCfg = Debug|Any CPU
		{664B8B41-2CDF-4735-9DB0-4E2A39A24960}.Debug|x64.Build.0 = Debug|Any CPU
		{664B8B41-2CDF-4735-9DB0-4E2A39A24960}.Debug|x86.ActiveCfg = Debug|Any CPU
		{664B8B41-2CDF-4735-9DB0-4E2A39A24960}.Release x64|.NET.ActiveCfg = Release|Any CPU
		{664B8B41-2CDF-4735-9DB0-4E2A39A24960}.Release x64|Any CPU.ActiveCfg = Release|Any CPU
		{664B8B41-2CDF-4735-9DB0-4E2A39A24960}.Release x64|Any CPU.Build.0 = Release|Any CPU
		{664B8B41-2CDF-4735-9DB0-4E2A39A24960}.Release x64|Mixed Platforms.ActiveCfg = Release|Any CPU
		{664B8B41-2CDF-4735-9DB0-4E2A39A24960}.Release x64|Mixed Platforms.Build.0 = Release|Any CPU
		{664B8B41-2CDF-4735-9DB0-4E2A39A24960}.Release x64|x64.ActiveCfg = Release|Any CPU
		{664B8B41-2CDF-4735-9DB0-4E2A39A24960}.Release x64|x86.ActiveCfg = Release|Any CPU
		{664B8B41-2CDF-4735-9DB0-4E2A39A24960}.Release|.NET.ActiveCfg = Release|Any CPU
		{664B8B41-2CDF-4735-9DB0-4E2A39A24960}.Release|Any CPU.ActiveCfg = Release|Any CPU
		{664B8B41-2CDF-4735-9DB0-4E2A39A24960}.Release|Any CPU.Build.0 = Release|Any CPU
		{664B8B41-2CDF-4735-9DB0-4E2A39A24960}.Release|Mixed Platforms.ActiveCfg = Release|Any CPU
		{664B8B41-2CDF-4735-9DB0-4E2A39A24960}.Release|Mixed Platforms.Build.0 = Release|Any CPU
		{664B8B41-2CDF-4735-9DB0-4E2A39A24960}.Release|x64.ActiveCfg = Release|Any CPU
		{664B8B41-2CDF-4735-9DB0-4E2A39A24960}.Release|x86.ActiveCfg = Release|Any CPU
		{4CC02AD4-FE11-4AEF-823D-FD436F32AD64}.Debug|.NET.ActiveCfg = Debug|Any CPU
		{4CC02AD4-FE11-4AEF-823D-FD436F32AD64}.Debug|Any CPU.ActiveCfg = Debug|Any CPU
		{4CC02AD4-FE11-4AEF-823D-FD436F32AD64}.Debug|Any CPU.Build.0 = Debug|Any CPU
		{4CC02AD4-FE11-4AEF-823D-FD436F32AD64}.Debug|Mixed Platforms.ActiveCfg = Debug|Any CPU
		{4CC02AD4-FE11-4AEF-823D-FD436F32AD64}.Debug|Mixed Platforms.Build.0 = Debug|Any CPU
		{4CC02AD4-FE11-4AEF-823D-FD436F32AD64}.Debug|x64.ActiveCfg = Debug|Any CPU
		{4CC02AD4-FE11-4AEF-823D-FD436F32AD64}.Debug|x64.Build.0 = Debug|Any CPU
		{4CC02AD4-FE11-4AEF-823D-FD436F32AD64}.Debug|x86.ActiveCfg = Debug|Any CPU
		{4CC02AD4-FE11-4AEF-823D-FD436F32AD64}.Release x64|.NET.ActiveCfg = Release|Any CPU
		{4CC02AD4-FE11-4AEF-823D-FD436F32AD64}.Release x64|Any CPU.ActiveCfg = Release|Any CPU
		{4CC02AD4-FE11-4AEF-823D-FD436F32AD64}.Release x64|Any CPU.Build.0 = Release|Any CPU
		{4CC02AD4-FE11-4AEF-823D-FD436F32AD64}.Release x64|Mixed Platforms.ActiveCfg = Release|Any CPU
		{4CC02AD4-FE11-4AEF-823D-FD436F32AD64}.Release x64|Mixed Platforms.Build.0 = Release|Any CPU
		{4CC02AD4-FE11-4AEF-823D-FD436F32AD64}.Release x64|x64.ActiveCfg = Release|Any CPU
		{4CC02AD4-FE11-4AEF-823D-FD436F32AD64}.Release x64|x86.ActiveCfg = Release|Any CPU
		{4CC02AD4-FE11-4AEF-823D-FD436F32AD64}.Release|.NET.ActiveCfg = Release|Any CPU
		{4CC02AD4-FE11-4AEF-823D-FD436F32AD64}.Release|Any CPU.ActiveCfg = Release|Any CPU
		{4CC02AD4-FE11-4AEF-823D-FD436F32AD64}.Release|Any CPU.Build.0 = Release|Any CPU
		{4CC02AD4-FE11-4AEF-823D-FD436F32AD64}.Release|Mixed Platforms.ActiveCfg = Release|Any CPU
		{4CC02AD4-FE11-4AEF-823D-FD436F32AD64}.Release|Mixed Platforms.Build.0 = Release|Any CPU
		{4CC02AD4-FE11-4AEF-823D-FD436F32AD64}.Release|x64.ActiveCfg = Release|Any CPU
		{4CC02AD4-FE11-4AEF-823D-FD436F32AD64}.Release|x86.ActiveCfg = Release|Any CPU
		{BE1D6AAC-8BD1-421C-83C1-EB71A6948AF1}.Debug|.NET.ActiveCfg = Debug|Any CPU
		{BE1D6AAC-8BD1-421C-83C1-EB71A6948AF1}.Debug|Any CPU.ActiveCfg = Debug|Any CPU
		{BE1D6AAC-8BD1-421C-83C1-EB71A6948AF1}.Debug|Any CPU.Build.0 = Debug|Any CPU
		{BE1D6AAC-8BD1-421C-83C1-EB71A6948AF1}.Debug|Mixed Platforms.ActiveCfg = Debug|Any CPU
		{BE1D6AAC-8BD1-421C-83C1-EB71A6948AF1}.Debug|Mixed Platforms.Build.0 = Debug|Any CPU
		{BE1D6AAC-8BD1-421C-83C1-EB71A6948AF1}.Debug|x64.ActiveCfg = Debug|Any CPU
		{BE1D6AAC-8BD1-421C-83C1-EB71A6948AF1}.Debug|x64.Build.0 = Debug|Any CPU
		{BE1D6AAC-8BD1-421C-83C1-EB71A6948AF1}.Debug|x86.ActiveCfg = Debug|Any CPU
		{BE1D6AAC-8BD1-421C-83C1-EB71A6948AF1}.Release x64|.NET.ActiveCfg = Release|Any CPU
		{BE1D6AAC-8BD1-421C-83C1-EB71A6948AF1}.Release x64|Any CPU.ActiveCfg = Release|Any CPU
		{BE1D6AAC-8BD1-421C-83C1-EB71A6948AF1}.Release x64|Any CPU.Build.0 = Release|Any CPU
		{BE1D6AAC-8BD1-421C-83C1-EB71A6948AF1}.Release x64|Mixed Platforms.ActiveCfg = Release|Any CPU
		{BE1D6AAC-8BD1-421C-83C1-EB71A6948AF1}.Release x64|Mixed Platforms.Build.0 = Release|Any CPU
		{BE1D6AAC-8BD1-421C-83C1-EB71A6948AF1}.Release x64|x64.ActiveCfg = Release|Any CPU
		{BE1D6AAC-8BD1-421C-83C1-EB71A6948AF1}.Release x64|x86.ActiveCfg = Release|Any CPU
		{BE1D6AAC-8BD1-421C-83C1-EB71A6948AF1}.Release|.NET.ActiveCfg = Release|Any CPU
		{BE1D6AAC-8BD1-421C-83C1-EB71A6948AF1}.Release|Any CPU.ActiveCfg = Release|Any CPU
		{BE1D6AAC-8BD1-421C-83C1-EB71A6948AF1}.Release|Any CPU.Build.0 = Release|Any CPU
		{BE1D6AAC-8BD1-421C-83C1-EB71A6948AF1}.Release|Mixed Platforms.ActiveCfg = Release|Any CPU
		{BE1D6AAC-8BD1-421C-83C1-EB71A6948AF1}.Release|Mixed Platforms.Build.0 = Release|Any CPU
		{BE1D6AAC-8BD1-421C-83C1-EB71A6948AF1}.Release|x64.ActiveCfg = Release|Any CPU
		{BE1D6AAC-8BD1-421C-83C1-EB71A6948AF1}.Release|x86.ActiveCfg = Release|Any CPU
		{19DBDEC2-CE4B-4344-AF68-FD769A2B65A7}.Debug|.NET.ActiveCfg = Debug|Any CPU
		{19DBDEC2-CE4B-4344-AF68-FD769A2B65A7}.Debug|Any CPU.ActiveCfg = Debug|Any CPU
		{19DBDEC2-CE4B-4344-AF68-FD769A2B65A7}.Debug|Any CPU.Build.0 = Debug|Any CPU
		{19DBDEC2-CE4B-4344-AF68-FD769A2B65A7}.Debug|Mixed Platforms.ActiveCfg = Debug|Any CPU
		{19DBDEC2-CE4B-4344-AF68-FD769A2B65A7}.Debug|Mixed Platforms.Build.0 = Debug|Any CPU
		{19DBDEC2-CE4B-4344-AF68-FD769A2B65A7}.Debug|x64.ActiveCfg = Debug|Any CPU
		{19DBDEC2-CE4B-4344-AF68-FD769A2B65A7}.Debug|x64.Build.0 = Debug|Any CPU
		{19DBDEC2-CE4B-4344-AF68-FD769A2B65A7}.Debug|x86.ActiveCfg = Debug|Any CPU
		{19DBDEC2-CE4B-4344-AF68-FD769A2B65A7}.Release x64|.NET.ActiveCfg = Release|Any CPU
		{19DBDEC2-CE4B-4344-AF68-FD769A2B65A7}.Release x64|Any CPU.ActiveCfg = Release|Any CPU
		{19DBDEC2-CE4B-4344-AF68-FD769A2B65A7}.Release x64|Any CPU.Build.0 = Release|Any CPU
		{19DBDEC2-CE4B-4344-AF68-FD769A2B65A7}.Release x64|Mixed Platforms.ActiveCfg = Release|Any CPU
		{19DBDEC2-CE4B-4344-AF68-FD769A2B65A7}.Release x64|x64.ActiveCfg = Release|Any CPU
		{19DBDEC2-CE4B-4344-AF68-FD769A2B65A7}.Release x64|x86.ActiveCfg = Release|Any CPU
		{19DBDEC2-CE4B-4344-AF68-FD769A2B65A7}.Release|.NET.ActiveCfg = Release|Any CPU
		{19DBDEC2-CE4B-4344-AF68-FD769A2B65A7}.Release|Any CPU.ActiveCfg = Release|Any CPU
		{19DBDEC2-CE4B-4344-AF68-FD769A2B65A7}.Release|Any CPU.Build.0 = Release|Any CPU
		{19DBDEC2-CE4B-4344-AF68-FD769A2B65A7}.Release|Mixed Platforms.ActiveCfg = Release|Any CPU
		{19DBDEC2-CE4B-4344-AF68-FD769A2B65A7}.Release|x64.ActiveCfg = Release|Any CPU
		{19DBDEC2-CE4B-4344-AF68-FD769A2B65A7}.Release|x86.ActiveCfg = Release|Any CPU
		{42114C78-167B-41F4-AEEA-9AFEE4F5572C}.Debug|.NET.ActiveCfg = Debug|Any CPU
		{42114C78-167B-41F4-AEEA-9AFEE4F5572C}.Debug|Any CPU.ActiveCfg = Debug|Any CPU
		{42114C78-167B-41F4-AEEA-9AFEE4F5572C}.Debug|Any CPU.Build.0 = Debug|Any CPU
		{42114C78-167B-41F4-AEEA-9AFEE4F5572C}.Debug|Mixed Platforms.ActiveCfg = Debug|Any CPU
		{42114C78-167B-41F4-AEEA-9AFEE4F5572C}.Debug|Mixed Platforms.Build.0 = Debug|Any CPU
		{42114C78-167B-41F4-AEEA-9AFEE4F5572C}.Debug|x64.ActiveCfg = Debug|Any CPU
		{42114C78-167B-41F4-AEEA-9AFEE4F5572C}.Debug|x64.Build.0 = Debug|Any CPU
		{42114C78-167B-41F4-AEEA-9AFEE4F5572C}.Debug|x86.ActiveCfg = Debug|Any CPU
		{42114C78-167B-41F4-AEEA-9AFEE4F5572C}.Release x64|.NET.ActiveCfg = Release|Any CPU
		{42114C78-167B-41F4-AEEA-9AFEE4F5572C}.Release x64|Any CPU.ActiveCfg = Release|Any CPU
		{42114C78-167B-41F4-AEEA-9AFEE4F5572C}.Release x64|Any CPU.Build.0 = Release|Any CPU
		{42114C78-167B-41F4-AEEA-9AFEE4F5572C}.Release x64|Mixed Platforms.ActiveCfg = Release|Any CPU
		{42114C78-167B-41F4-AEEA-9AFEE4F5572C}.Release x64|Mixed Platforms.Build.0 = Release|Any CPU
		{42114C78-167B-41F4-AEEA-9AFEE4F5572C}.Release x64|x64.ActiveCfg = Release|Any CPU
		{42114C78-167B-41F4-AEEA-9AFEE4F5572C}.Release x64|x86.ActiveCfg = Release|Any CPU
		{42114C78-167B-41F4-AEEA-9AFEE4F5572C}.Release|.NET.ActiveCfg = Release|Any CPU
		{42114C78-167B-41F4-AEEA-9AFEE4F5572C}.Release|Any CPU.ActiveCfg = Release|Any CPU
		{42114C78-167B-41F4-AEEA-9AFEE4F5572C}.Release|Any CPU.Build.0 = Release|Any CPU
		{42114C78-167B-41F4-AEEA-9AFEE4F5572C}.Release|Mixed Platforms.ActiveCfg = Release|Any CPU
		{42114C78-167B-41F4-AEEA-9AFEE4F5572C}.Release|Mixed Platforms.Build.0 = Release|Any CPU
		{42114C78-167B-41F4-AEEA-9AFEE4F5572C}.Release|x64.ActiveCfg = Release|Any CPU
		{42114C78-167B-41F4-AEEA-9AFEE4F5572C}.Release|x86.ActiveCfg = Release|Any CPU
		{355FCEE7-4743-415F-BEE6-9C044DE9BA4B}.Debug|.NET.ActiveCfg = Debug|Any CPU
		{355FCEE7-4743-415F-BEE6-9C044DE9BA4B}.Debug|Any CPU.ActiveCfg = Debug|Any CPU
		{355FCEE7-4743-415F-BEE6-9C044DE9BA4B}.Debug|Any CPU.Build.0 = Debug|Any CPU
		{355FCEE7-4743-415F-BEE6-9C044DE9BA4B}.Debug|Mixed Platforms.ActiveCfg = Debug|Any CPU
		{355FCEE7-4743-415F-BEE6-9C044DE9BA4B}.Debug|Mixed Platforms.Build.0 = Debug|Any CPU
		{355FCEE7-4743-415F-BEE6-9C044DE9BA4B}.Debug|x64.ActiveCfg = Debug|Any CPU
		{355FCEE7-4743-415F-BEE6-9C044DE9BA4B}.Debug|x64.Build.0 = Debug|Any CPU
		{355FCEE7-4743-415F-BEE6-9C044DE9BA4B}.Debug|x86.ActiveCfg = Debug|Any CPU
		{355FCEE7-4743-415F-BEE6-9C044DE9BA4B}.Release x64|.NET.ActiveCfg = Release|Any CPU
		{355FCEE7-4743-415F-BEE6-9C044DE9BA4B}.Release x64|Any CPU.ActiveCfg = Release|Any CPU
		{355FCEE7-4743-415F-BEE6-9C044DE9BA4B}.Release x64|Any CPU.Build.0 = Release|Any CPU
		{355FCEE7-4743-415F-BEE6-9C044DE9BA4B}.Release x64|Mixed Platforms.ActiveCfg = Release|Any CPU
		{355FCEE7-4743-415F-BEE6-9C044DE9BA4B}.Release x64|Mixed Platforms.Build.0 = Release|Any CPU
		{355FCEE7-4743-415F-BEE6-9C044DE9BA4B}.Release x64|x64.ActiveCfg = Release|Any CPU
		{355FCEE7-4743-415F-BEE6-9C044DE9BA4B}.Release x64|x86.ActiveCfg = Release|Any CPU
		{355FCEE7-4743-415F-BEE6-9C044DE9BA4B}.Release|.NET.ActiveCfg = Release|Any CPU
		{355FCEE7-4743-415F-BEE6-9C044DE9BA4B}.Release|Any CPU.ActiveCfg = Release|Any CPU
		{355FCEE7-4743-415F-BEE6-9C044DE9BA4B}.Release|Any CPU.Build.0 = Release|Any CPU
		{355FCEE7-4743-415F-BEE6-9C044DE9BA4B}.Release|Mixed Platforms.ActiveCfg = Release|Any CPU
		{355FCEE7-4743-415F-BEE6-9C044DE9BA4B}.Release|Mixed Platforms.Build.0 = Release|Any CPU
		{355FCEE7-4743-415F-BEE6-9C044DE9BA4B}.Release|x64.ActiveCfg = Release|Any CPU
		{355FCEE7-4743-415F-BEE6-9C044DE9BA4B}.Release|x86.ActiveCfg = Release|Any CPU
		{6C279D72-4248-439B-81F1-3AAE1DEFBFC8}.Debug|.NET.ActiveCfg = Debug|Any CPU
		{6C279D72-4248-439B-81F1-3AAE1DEFBFC8}.Debug|Any CPU.ActiveCfg = Debug|Any CPU
		{6C279D72-4248-439B-81F1-3AAE1DEFBFC8}.Debug|Any CPU.Build.0 = Debug|Any CPU
		{6C279D72-4248-439B-81F1-3AAE1DEFBFC8}.Debug|Mixed Platforms.ActiveCfg = Debug|Any CPU
		{6C279D72-4248-439B-81F1-3AAE1DEFBFC8}.Debug|Mixed Platforms.Build.0 = Debug|Any CPU
		{6C279D72-4248-439B-81F1-3AAE1DEFBFC8}.Debug|x64.ActiveCfg = Debug|Any CPU
		{6C279D72-4248-439B-81F1-3AAE1DEFBFC8}.Debug|x64.Build.0 = Debug|Any CPU
		{6C279D72-4248-439B-81F1-3AAE1DEFBFC8}.Debug|x86.ActiveCfg = Debug|Any CPU
		{6C279D72-4248-439B-81F1-3AAE1DEFBFC8}.Release x64|.NET.ActiveCfg = Release|Any CPU
		{6C279D72-4248-439B-81F1-3AAE1DEFBFC8}.Release x64|Any CPU.ActiveCfg = Release|Any CPU
		{6C279D72-4248-439B-81F1-3AAE1DEFBFC8}.Release x64|Any CPU.Build.0 = Release|Any CPU
		{6C279D72-4248-439B-81F1-3AAE1DEFBFC8}.Release x64|Mixed Platforms.ActiveCfg = Release|Any CPU
		{6C279D72-4248-439B-81F1-3AAE1DEFBFC8}.Release x64|Mixed Platforms.Build.0 = Release|Any CPU
		{6C279D72-4248-439B-81F1-3AAE1DEFBFC8}.Release x64|x64.ActiveCfg = Release|Any CPU
		{6C279D72-4248-439B-81F1-3AAE1DEFBFC8}.Release x64|x86.ActiveCfg = Release|Any CPU
		{6C279D72-4248-439B-81F1-3AAE1DEFBFC8}.Release|.NET.ActiveCfg = Release|Any CPU
		{6C279D72-4248-439B-81F1-3AAE1DEFBFC8}.Release|Any CPU.ActiveCfg = Release|Any CPU
		{6C279D72-4248-439B-81F1-3AAE1DEFBFC8}.Release|Any CPU.Build.0 = Release|Any CPU
		{6C279D72-4248-439B-81F1-3AAE1DEFBFC8}.Release|Mixed Platforms.ActiveCfg = Release|Any CPU
		{6C279D72-4248-439B-81F1-3AAE1DEFBFC8}.Release|Mixed Platforms.Build.0 = Release|Any CPU
		{6C279D72-4248-439B-81F1-3AAE1DEFBFC8}.Release|x64.ActiveCfg = Release|Any CPU
		{6C279D72-4248-439B-81F1-3AAE1DEFBFC8}.Release|x86.ActiveCfg = Release|Any CPU
		{D87CD05B-064D-4D12-86ED-35399FF9FD9A}.Debug|.NET.ActiveCfg = Debug|Any CPU
		{D87CD05B-064D-4D12-86ED-35399FF9FD9A}.Debug|Any CPU.ActiveCfg = Debug|Any CPU
		{D87CD05B-064D-4D12-86ED-35399FF9FD9A}.Debug|Any CPU.Build.0 = Debug|Any CPU
		{D87CD05B-064D-4D12-86ED-35399FF9FD9A}.Debug|Mixed Platforms.ActiveCfg = Debug|Any CPU
		{D87CD05B-064D-4D12-86ED-35399FF9FD9A}.Debug|Mixed Platforms.Build.0 = Debug|Any CPU
		{D87CD05B-064D-4D12-86ED-35399FF9FD9A}.Debug|x64.ActiveCfg = Debug|Any CPU
		{D87CD05B-064D-4D12-86ED-35399FF9FD9A}.Debug|x64.Build.0 = Debug|Any CPU
		{D87CD05B-064D-4D12-86ED-35399FF9FD9A}.Debug|x86.ActiveCfg = Debug|Any CPU
		{D87CD05B-064D-4D12-86ED-35399FF9FD9A}.Release x64|.NET.ActiveCfg = Release|Any CPU
		{D87CD05B-064D-4D12-86ED-35399FF9FD9A}.Release x64|Any CPU.ActiveCfg = Release|Any CPU
		{D87CD05B-064D-4D12-86ED-35399FF9FD9A}.Release x64|Any CPU.Build.0 = Release|Any CPU
		{D87CD05B-064D-4D12-86ED-35399FF9FD9A}.Release x64|Mixed Platforms.ActiveCfg = Release|Any CPU
		{D87CD05B-064D-4D12-86ED-35399FF9FD9A}.Release x64|Mixed Platforms.Build.0 = Release|Any CPU
		{D87CD05B-064D-4D12-86ED-35399FF9FD9A}.Release x64|x64.ActiveCfg = Release|Any CPU
		{D87CD05B-064D-4D12-86ED-35399FF9FD9A}.Release x64|x86.ActiveCfg = Release|Any CPU
		{D87CD05B-064D-4D12-86ED-35399FF9FD9A}.Release|.NET.ActiveCfg = Release|Any CPU
		{D87CD05B-064D-4D12-86ED-35399FF9FD9A}.Release|Any CPU.ActiveCfg = Release|Any CPU
		{D87CD05B-064D-4D12-86ED-35399FF9FD9A}.Release|Any CPU.Build.0 = Release|Any CPU
		{D87CD05B-064D-4D12-86ED-35399FF9FD9A}.Release|Mixed Platforms.ActiveCfg = Release|Any CPU
		{D87CD05B-064D-4D12-86ED-35399FF9FD9A}.Release|Mixed Platforms.Build.0 = Release|Any CPU
		{D87CD05B-064D-4D12-86ED-35399FF9FD9A}.Release|x64.ActiveCfg = Release|Any CPU
		{D87CD05B-064D-4D12-86ED-35399FF9FD9A}.Release|x86.ActiveCfg = Release|Any CPU
		{6A5C1415-5C70-4CC3-9944-8A02FFD45277}.Debug|.NET.ActiveCfg = Debug|Any CPU
		{6A5C1415-5C70-4CC3-9944-8A02FFD45277}.Debug|Any CPU.ActiveCfg = Debug|Any CPU
		{6A5C1415-5C70-4CC3-9944-8A02FFD45277}.Debug|Any CPU.Build.0 = Debug|Any CPU
		{6A5C1415-5C70-4CC3-9944-8A02FFD45277}.Debug|Mixed Platforms.ActiveCfg = Debug|Any CPU
		{6A5C1415-5C70-4CC3-9944-8A02FFD45277}.Debug|Mixed Platforms.Build.0 = Debug|Any CPU
		{6A5C1415-5C70-4CC3-9944-8A02FFD45277}.Debug|x64.ActiveCfg = Debug|Any CPU
		{6A5C1415-5C70-4CC3-9944-8A02FFD45277}.Debug|x64.Build.0 = Debug|Any CPU
		{6A5C1415-5C70-4CC3-9944-8A02FFD45277}.Debug|x86.ActiveCfg = Debug|Any CPU
		{6A5C1415-5C70-4CC3-9944-8A02FFD45277}.Release x64|.NET.ActiveCfg = Release|Any CPU
		{6A5C1415-5C70-4CC3-9944-8A02FFD45277}.Release x64|Any CPU.ActiveCfg = Release|Any CPU
		{6A5C1415-5C70-4CC3-9944-8A02FFD45277}.Release x64|Any CPU.Build.0 = Release|Any CPU
		{6A5C1415-5C70-4CC3-9944-8A02FFD45277}.Release x64|Mixed Platforms.ActiveCfg = Release|Any CPU
		{6A5C1415-5C70-4CC3-9944-8A02FFD45277}.Release x64|Mixed Platforms.Build.0 = Release|Any CPU
		{6A5C1415-5C70-4CC3-9944-8A02FFD45277}.Release x64|x64.ActiveCfg = Release|Any CPU
		{6A5C1415-5C70-4CC3-9944-8A02FFD45277}.Release x64|x86.ActiveCfg = Release|Any CPU
		{6A5C1415-5C70-4CC3-9944-8A02FFD45277}.Release|.NET.ActiveCfg = Release|Any CPU
		{6A5C1415-5C70-4CC3-9944-8A02FFD45277}.Release|Any CPU.ActiveCfg = Release|Any CPU
		{6A5C1415-5C70-4CC3-9944-8A02FFD45277}.Release|Any CPU.Build.0 = Release|Any CPU
		{6A5C1415-5C70-4CC3-9944-8A02FFD45277}.Release|Mixed Platforms.ActiveCfg = Release|Any CPU
		{6A5C1415-5C70-4CC3-9944-8A02FFD45277}.Release|Mixed Platforms.Build.0 = Release|Any CPU
		{6A5C1415-5C70-4CC3-9944-8A02FFD45277}.Release|x64.ActiveCfg = Release|Any CPU
		{6A5C1415-5C70-4CC3-9944-8A02FFD45277}.Release|x86.ActiveCfg = Release|Any CPU
		{492E85F3-ABEB-4975-ACF8-2D8A79F9CE86}.Debug|.NET.ActiveCfg = Debug|Any CPU
		{492E85F3-ABEB-4975-ACF8-2D8A79F9CE86}.Debug|Any CPU.ActiveCfg = Debug|Any CPU
		{492E85F3-ABEB-4975-ACF8-2D8A79F9CE86}.Debug|Any CPU.Build.0 = Debug|Any CPU
		{492E85F3-ABEB-4975-ACF8-2D8A79F9CE86}.Debug|Mixed Platforms.ActiveCfg = Debug|Any CPU
		{492E85F3-ABEB-4975-ACF8-2D8A79F9CE86}.Debug|Mixed Platforms.Build.0 = Debug|Any CPU
		{492E85F3-ABEB-4975-ACF8-2D8A79F9CE86}.Debug|x64.ActiveCfg = Debug|Any CPU
		{492E85F3-ABEB-4975-ACF8-2D8A79F9CE86}.Debug|x64.Build.0 = Debug|Any CPU
		{492E85F3-ABEB-4975-ACF8-2D8A79F9CE86}.Debug|x86.ActiveCfg = Debug|Any CPU
		{492E85F3-ABEB-4975-ACF8-2D8A79F9CE86}.Release x64|.NET.ActiveCfg = Release|Any CPU
		{492E85F3-ABEB-4975-ACF8-2D8A79F9CE86}.Release x64|Any CPU.ActiveCfg = Release|Any CPU
		{492E85F3-ABEB-4975-ACF8-2D8A79F9CE86}.Release x64|Any CPU.Build.0 = Release|Any CPU
		{492E85F3-ABEB-4975-ACF8-2D8A79F9CE86}.Release x64|Mixed Platforms.ActiveCfg = Release|Any CPU
		{492E85F3-ABEB-4975-ACF8-2D8A79F9CE86}.Release x64|Mixed Platforms.Build.0 = Release|Any CPU
		{492E85F3-ABEB-4975-ACF8-2D8A79F9CE86}.Release x64|x64.ActiveCfg = Release|Any CPU
		{492E85F3-ABEB-4975-ACF8-2D8A79F9CE86}.Release x64|x86.ActiveCfg = Release|Any CPU
		{492E85F3-ABEB-4975-ACF8-2D8A79F9CE86}.Release|.NET.ActiveCfg = Release|Any CPU
		{492E85F3-ABEB-4975-ACF8-2D8A79F9CE86}.Release|Any CPU.ActiveCfg = Release|Any CPU
		{492E85F3-ABEB-4975-ACF8-2D8A79F9CE86}.Release|Any CPU.Build.0 = Release|Any CPU
		{492E85F3-ABEB-4975-ACF8-2D8A79F9CE86}.Release|Mixed Platforms.ActiveCfg = Release|Any CPU
		{492E85F3-ABEB-4975-ACF8-2D8A79F9CE86}.Release|Mixed Platforms.Build.0 = Release|Any CPU
		{492E85F3-ABEB-4975-ACF8-2D8A79F9CE86}.Release|x64.ActiveCfg = Release|Any CPU
		{492E85F3-ABEB-4975-ACF8-2D8A79F9CE86}.Release|x86.ActiveCfg = Release|Any CPU
		{5D401CB2-E52D-4B15-ACA8-BA67A48D04CF}.Debug|.NET.ActiveCfg = Debug|Any CPU
		{5D401CB2-E52D-4B15-ACA8-BA67A48D04CF}.Debug|Any CPU.ActiveCfg = Debug|Any CPU
		{5D401CB2-E52D-4B15-ACA8-BA67A48D04CF}.Debug|Any CPU.Build.0 = Debug|Any CPU
		{5D401CB2-E52D-4B15-ACA8-BA67A48D04CF}.Debug|Mixed Platforms.ActiveCfg = Debug|Any CPU
		{5D401CB2-E52D-4B15-ACA8-BA67A48D04CF}.Debug|Mixed Platforms.Build.0 = Debug|Any CPU
		{5D401CB2-E52D-4B15-ACA8-BA67A48D04CF}.Debug|x64.ActiveCfg = Debug|Any CPU
		{5D401CB2-E52D-4B15-ACA8-BA67A48D04CF}.Debug|x64.Build.0 = Debug|Any CPU
		{5D401CB2-E52D-4B15-ACA8-BA67A48D04CF}.Debug|x86.ActiveCfg = Debug|Any CPU
		{5D401CB2-E52D-4B15-ACA8-BA67A48D04CF}.Release x64|.NET.ActiveCfg = Release|Any CPU
		{5D401CB2-E52D-4B15-ACA8-BA67A48D04CF}.Release x64|Any CPU.ActiveCfg = Release|Any CPU
		{5D401CB2-E52D-4B15-ACA8-BA67A48D04CF}.Release x64|Any CPU.Build.0 = Release|Any CPU
		{5D401CB2-E52D-4B15-ACA8-BA67A48D04CF}.Release x64|Mixed Platforms.ActiveCfg = Release|Any CPU
		{5D401CB2-E52D-4B15-ACA8-BA67A48D04CF}.Release x64|Mixed Platforms.Build.0 = Release|Any CPU
		{5D401CB2-E52D-4B15-ACA8-BA67A48D04CF}.Release x64|x64.ActiveCfg = Release|Any CPU
		{5D401CB2-E52D-4B15-ACA8-BA67A48D04CF}.Release x64|x86.ActiveCfg = Release|Any CPU
		{5D401CB2-E52D-4B15-ACA8-BA67A48D04CF}.Release|.NET.ActiveCfg = Release|Any CPU
		{5D401CB2-E52D-4B15-ACA8-BA67A48D04CF}.Release|Any CPU.ActiveCfg = Release|Any CPU
		{5D401CB2-E52D-4B15-ACA8-BA67A48D04CF}.Release|Any CPU.Build.0 = Release|Any CPU
		{5D401CB2-E52D-4B15-ACA8-BA67A48D04CF}.Release|Mixed Platforms.ActiveCfg = Release|Any CPU
		{5D401CB2-E52D-4B15-ACA8-BA67A48D04CF}.Release|Mixed Platforms.Build.0 = Release|Any CPU
		{5D401CB2-E52D-4B15-ACA8-BA67A48D04CF}.Release|x64.ActiveCfg = Release|Any CPU
		{5D401CB2-E52D-4B15-ACA8-BA67A48D04CF}.Release|x86.ActiveCfg = Release|Any CPU
		{D36D8B78-0A65-4C42-838B-AC66449BC70C}.Debug|.NET.ActiveCfg = Debug|Any CPU
		{D36D8B78-0A65-4C42-838B-AC66449BC70C}.Debug|.NET.Build.0 = Debug|Any CPU
		{D36D8B78-0A65-4C42-838B-AC66449BC70C}.Debug|Any CPU.ActiveCfg = Debug|Any CPU
		{D36D8B78-0A65-4C42-838B-AC66449BC70C}.Debug|Any CPU.Build.0 = Debug|Any CPU
		{D36D8B78-0A65-4C42-838B-AC66449BC70C}.Debug|Mixed Platforms.ActiveCfg = Debug|Any CPU
		{D36D8B78-0A65-4C42-838B-AC66449BC70C}.Debug|Mixed Platforms.Build.0 = Debug|Any CPU
		{D36D8B78-0A65-4C42-838B-AC66449BC70C}.Debug|x64.ActiveCfg = Debug|Any CPU
		{D36D8B78-0A65-4C42-838B-AC66449BC70C}.Debug|x64.Build.0 = Debug|Any CPU
		{D36D8B78-0A65-4C42-838B-AC66449BC70C}.Debug|x86.ActiveCfg = Debug|Any CPU
		{D36D8B78-0A65-4C42-838B-AC66449BC70C}.Debug|x86.Build.0 = Debug|Any CPU
		{D36D8B78-0A65-4C42-838B-AC66449BC70C}.Release x64|.NET.ActiveCfg = Release|Any CPU
		{D36D8B78-0A65-4C42-838B-AC66449BC70C}.Release x64|.NET.Build.0 = Release|Any CPU
		{D36D8B78-0A65-4C42-838B-AC66449BC70C}.Release x64|Any CPU.ActiveCfg = Release|Any CPU
		{D36D8B78-0A65-4C42-838B-AC66449BC70C}.Release x64|Any CPU.Build.0 = Release|Any CPU
		{D36D8B78-0A65-4C42-838B-AC66449BC70C}.Release x64|Mixed Platforms.ActiveCfg = Release|Any CPU
		{D36D8B78-0A65-4C42-838B-AC66449BC70C}.Release x64|Mixed Platforms.Build.0 = Release|Any CPU
		{D36D8B78-0A65-4C42-838B-AC66449BC70C}.Release x64|x64.ActiveCfg = Release|Any CPU
		{D36D8B78-0A65-4C42-838B-AC66449BC70C}.Release x64|x64.Build.0 = Release|Any CPU
		{D36D8B78-0A65-4C42-838B-AC66449BC70C}.Release x64|x86.ActiveCfg = Release|Any CPU
		{D36D8B78-0A65-4C42-838B-AC66449BC70C}.Release x64|x86.Build.0 = Release|Any CPU
		{D36D8B78-0A65-4C42-838B-AC66449BC70C}.Release|.NET.ActiveCfg = Release|Any CPU
		{D36D8B78-0A65-4C42-838B-AC66449BC70C}.Release|.NET.Build.0 = Release|Any CPU
		{D36D8B78-0A65-4C42-838B-AC66449BC70C}.Release|Any CPU.ActiveCfg = Release|Any CPU
		{D36D8B78-0A65-4C42-838B-AC66449BC70C}.Release|Any CPU.Build.0 = Release|Any CPU
		{D36D8B78-0A65-4C42-838B-AC66449BC70C}.Release|Mixed Platforms.ActiveCfg = Release|Any CPU
		{D36D8B78-0A65-4C42-838B-AC66449BC70C}.Release|Mixed Platforms.Build.0 = Release|Any CPU
		{D36D8B78-0A65-4C42-838B-AC66449BC70C}.Release|x64.ActiveCfg = Release|Any CPU
		{D36D8B78-0A65-4C42-838B-AC66449BC70C}.Release|x64.Build.0 = Release|Any CPU
		{D36D8B78-0A65-4C42-838B-AC66449BC70C}.Release|x86.ActiveCfg = Release|Any CPU
		{D36D8B78-0A65-4C42-838B-AC66449BC70C}.Release|x86.Build.0 = Release|Any CPU
		{BEF2F19A-7CF2-4BBB-A298-D75F06077AD5}.Debug|.NET.ActiveCfg = Debug|Any CPU
		{BEF2F19A-7CF2-4BBB-A298-D75F06077AD5}.Debug|.NET.Build.0 = Debug|Any CPU
		{BEF2F19A-7CF2-4BBB-A298-D75F06077AD5}.Debug|Any CPU.ActiveCfg = Debug|Any CPU
		{BEF2F19A-7CF2-4BBB-A298-D75F06077AD5}.Debug|Any CPU.Build.0 = Debug|Any CPU
		{BEF2F19A-7CF2-4BBB-A298-D75F06077AD5}.Debug|Mixed Platforms.ActiveCfg = Debug|Any CPU
		{BEF2F19A-7CF2-4BBB-A298-D75F06077AD5}.Debug|Mixed Platforms.Build.0 = Debug|Any CPU
		{BEF2F19A-7CF2-4BBB-A298-D75F06077AD5}.Debug|x64.ActiveCfg = Debug|Any CPU
		{BEF2F19A-7CF2-4BBB-A298-D75F06077AD5}.Debug|x64.Build.0 = Debug|Any CPU
		{BEF2F19A-7CF2-4BBB-A298-D75F06077AD5}.Debug|x86.ActiveCfg = Debug|Any CPU
		{BEF2F19A-7CF2-4BBB-A298-D75F06077AD5}.Debug|x86.Build.0 = Debug|Any CPU
		{BEF2F19A-7CF2-4BBB-A298-D75F06077AD5}.Release x64|.NET.ActiveCfg = Release|Any CPU
		{BEF2F19A-7CF2-4BBB-A298-D75F06077AD5}.Release x64|.NET.Build.0 = Release|Any CPU
		{BEF2F19A-7CF2-4BBB-A298-D75F06077AD5}.Release x64|Any CPU.ActiveCfg = Release|Any CPU
		{BEF2F19A-7CF2-4BBB-A298-D75F06077AD5}.Release x64|Any CPU.Build.0 = Release|Any CPU
		{BEF2F19A-7CF2-4BBB-A298-D75F06077AD5}.Release x64|Mixed Platforms.ActiveCfg = Release|Any CPU
		{BEF2F19A-7CF2-4BBB-A298-D75F06077AD5}.Release x64|Mixed Platforms.Build.0 = Release|Any CPU
		{BEF2F19A-7CF2-4BBB-A298-D75F06077AD5}.Release x64|x64.ActiveCfg = Release|Any CPU
		{BEF2F19A-7CF2-4BBB-A298-D75F06077AD5}.Release x64|x64.Build.0 = Release|Any CPU
		{BEF2F19A-7CF2-4BBB-A298-D75F06077AD5}.Release x64|x86.ActiveCfg = Release|Any CPU
		{BEF2F19A-7CF2-4BBB-A298-D75F06077AD5}.Release x64|x86.Build.0 = Release|Any CPU
		{BEF2F19A-7CF2-4BBB-A298-D75F06077AD5}.Release|.NET.ActiveCfg = Release|Any CPU
		{BEF2F19A-7CF2-4BBB-A298-D75F06077AD5}.Release|.NET.Build.0 = Release|Any CPU
		{BEF2F19A-7CF2-4BBB-A298-D75F06077AD5}.Release|Any CPU.ActiveCfg = Release|Any CPU
		{BEF2F19A-7CF2-4BBB-A298-D75F06077AD5}.Release|Any CPU.Build.0 = Release|Any CPU
		{BEF2F19A-7CF2-4BBB-A298-D75F06077AD5}.Release|Mixed Platforms.ActiveCfg = Release|Any CPU
		{BEF2F19A-7CF2-4BBB-A298-D75F06077AD5}.Release|Mixed Platforms.Build.0 = Release|Any CPU
		{BEF2F19A-7CF2-4BBB-A298-D75F06077AD5}.Release|x64.ActiveCfg = Release|Any CPU
		{BEF2F19A-7CF2-4BBB-A298-D75F06077AD5}.Release|x64.Build.0 = Release|Any CPU
		{BEF2F19A-7CF2-4BBB-A298-D75F06077AD5}.Release|x86.ActiveCfg = Release|Any CPU
		{BEF2F19A-7CF2-4BBB-A298-D75F06077AD5}.Release|x86.Build.0 = Release|Any CPU
		{AC2E4047-9529-49C7-B34D-5408DEE94B96}.Debug|.NET.ActiveCfg = Debug|Any CPU
		{AC2E4047-9529-49C7-B34D-5408DEE94B96}.Debug|.NET.Build.0 = Debug|Any CPU
		{AC2E4047-9529-49C7-B34D-5408DEE94B96}.Debug|Any CPU.ActiveCfg = Debug|Any CPU
		{AC2E4047-9529-49C7-B34D-5408DEE94B96}.Debug|Any CPU.Build.0 = Debug|Any CPU
		{AC2E4047-9529-49C7-B34D-5408DEE94B96}.Debug|Mixed Platforms.ActiveCfg = Debug|Any CPU
		{AC2E4047-9529-49C7-B34D-5408DEE94B96}.Debug|Mixed Platforms.Build.0 = Debug|Any CPU
		{AC2E4047-9529-49C7-B34D-5408DEE94B96}.Debug|x64.ActiveCfg = Debug|Any CPU
		{AC2E4047-9529-49C7-B34D-5408DEE94B96}.Debug|x64.Build.0 = Debug|Any CPU
		{AC2E4047-9529-49C7-B34D-5408DEE94B96}.Debug|x86.ActiveCfg = Debug|Any CPU
		{AC2E4047-9529-49C7-B34D-5408DEE94B96}.Debug|x86.Build.0 = Debug|Any CPU
		{AC2E4047-9529-49C7-B34D-5408DEE94B96}.Release x64|.NET.ActiveCfg = Release|Any CPU
		{AC2E4047-9529-49C7-B34D-5408DEE94B96}.Release x64|.NET.Build.0 = Release|Any CPU
		{AC2E4047-9529-49C7-B34D-5408DEE94B96}.Release x64|Any CPU.ActiveCfg = Release|Any CPU
		{AC2E4047-9529-49C7-B34D-5408DEE94B96}.Release x64|Any CPU.Build.0 = Release|Any CPU
		{AC2E4047-9529-49C7-B34D-5408DEE94B96}.Release x64|Mixed Platforms.ActiveCfg = Release|Any CPU
		{AC2E4047-9529-49C7-B34D-5408DEE94B96}.Release x64|Mixed Platforms.Build.0 = Release|Any CPU
		{AC2E4047-9529-49C7-B34D-5408DEE94B96}.Release x64|x64.ActiveCfg = Release|Any CPU
		{AC2E4047-9529-49C7-B34D-5408DEE94B96}.Release x64|x64.Build.0 = Release|Any CPU
		{AC2E4047-9529-49C7-B34D-5408DEE94B96}.Release x64|x86.ActiveCfg = Release|Any CPU
		{AC2E4047-9529-49C7-B34D-5408DEE94B96}.Release x64|x86.Build.0 = Release|Any CPU
		{AC2E4047-9529-49C7-B34D-5408DEE94B96}.Release|.NET.ActiveCfg = Release|Any CPU
		{AC2E4047-9529-49C7-B34D-5408DEE94B96}.Release|.NET.Build.0 = Release|Any CPU
		{AC2E4047-9529-49C7-B34D-5408DEE94B96}.Release|Any CPU.ActiveCfg = Release|Any CPU
		{AC2E4047-9529-49C7-B34D-5408DEE94B96}.Release|Any CPU.Build.0 = Release|Any CPU
		{AC2E4047-9529-49C7-B34D-5408DEE94B96}.Release|Mixed Platforms.ActiveCfg = Release|Any CPU
		{AC2E4047-9529-49C7-B34D-5408DEE94B96}.Release|Mixed Platforms.Build.0 = Release|Any CPU
		{AC2E4047-9529-49C7-B34D-5408DEE94B96}.Release|x64.ActiveCfg = Release|Any CPU
		{AC2E4047-9529-49C7-B34D-5408DEE94B96}.Release|x64.Build.0 = Release|Any CPU
		{AC2E4047-9529-49C7-B34D-5408DEE94B96}.Release|x86.ActiveCfg = Release|Any CPU
		{AC2E4047-9529-49C7-B34D-5408DEE94B96}.Release|x86.Build.0 = Release|Any CPU
	EndGlobalSection
	GlobalSection(SolutionProperties) = preSolution
		HideSolutionNode = FALSE
	EndGlobalSection
	GlobalSection(NestedProjects) = preSolution
		{83F05440-B66F-4B67-BD3A-AF61A5C0B8AB} = {EAE8279F-5437-4D2D-911C-3CD47F8C9184}
		{DC2D1AA7-8333-4B8F-A595-E5087EEBEF31} = {EAE8279F-5437-4D2D-911C-3CD47F8C9184}
		{809B7F25-2FE3-4CCD-AF8F-970C7D726840} = {EAE8279F-5437-4D2D-911C-3CD47F8C9184}
		{B34621D3-7432-4F55-955E-EE50B32963DF} = {EAE8279F-5437-4D2D-911C-3CD47F8C9184}
		{A5C3A7C4-B1A9-4AA3-9166-29165DFFDB11} = {EAE8279F-5437-4D2D-911C-3CD47F8C9184}
		{A9F61226-18C5-4686-BF4B-8CBD05CED6E7} = {EAE8279F-5437-4D2D-911C-3CD47F8C9184}
		{1723B9EC-1D27-49BB-AA1C-C556961B8C50} = {EAE8279F-5437-4D2D-911C-3CD47F8C9184}
		{FCB78396-A204-44C6-9449-96705299DD2D} = {469AC018-A32B-4582-9F3D-51ECE88F4E5D}
		{D08773CC-EEB0-403E-B66B-D1964626F985} = {469AC018-A32B-4582-9F3D-51ECE88F4E5D}
		{82DF339E-456D-4D92-9AE1-B2A7508D8294} = {EAE8279F-5437-4D2D-911C-3CD47F8C9184}
		{929F1E6E-6A34-47C7-B2E4-E3F13B28E243} = {469AC018-A32B-4582-9F3D-51ECE88F4E5D}
		{D50ACD27-FEF9-4A82-85F2-DBD7276A9DC5} = {EAE8279F-5437-4D2D-911C-3CD47F8C9184}
		{9C94CFEB-2674-431A-8D4F-167B0058CA0E} = {EAE8279F-5437-4D2D-911C-3CD47F8C9184}
		{57FF4645-6BA0-4435-8CCB-7280487D34F7} = {EAE8279F-5437-4D2D-911C-3CD47F8C9184}
		{29AAE5F1-68F4-4727-A2BF-3F284270C4B9} = {EAE8279F-5437-4D2D-911C-3CD47F8C9184}
		{664B8B41-2CDF-4735-9DB0-4E2A39A24960} = {EAE8279F-5437-4D2D-911C-3CD47F8C9184}
		{4CC02AD4-FE11-4AEF-823D-FD436F32AD64} = {EAE8279F-5437-4D2D-911C-3CD47F8C9184}
		{BE1D6AAC-8BD1-421C-83C1-EB71A6948AF1} = {EAE8279F-5437-4D2D-911C-3CD47F8C9184}
		{19DBDEC2-CE4B-4344-AF68-FD769A2B65A7} = {469AC018-A32B-4582-9F3D-51ECE88F4E5D}
		{42114C78-167B-41F4-AEEA-9AFEE4F5572C} = {EAE8279F-5437-4D2D-911C-3CD47F8C9184}
		{355FCEE7-4743-415F-BEE6-9C044DE9BA4B} = {EAE8279F-5437-4D2D-911C-3CD47F8C9184}
		{6C279D72-4248-439B-81F1-3AAE1DEFBFC8} = {EAE8279F-5437-4D2D-911C-3CD47F8C9184}
		{D87CD05B-064D-4D12-86ED-35399FF9FD9A} = {EAE8279F-5437-4D2D-911C-3CD47F8C9184}
		{6A5C1415-5C70-4CC3-9944-8A02FFD45277} = {EAE8279F-5437-4D2D-911C-3CD47F8C9184}
		{492E85F3-ABEB-4975-ACF8-2D8A79F9CE86} = {EAE8279F-5437-4D2D-911C-3CD47F8C9184}
		{5D401CB2-E52D-4B15-ACA8-BA67A48D04CF} = {EAE8279F-5437-4D2D-911C-3CD47F8C9184}
		{D36D8B78-0A65-4C42-838B-AC66449BC70C} = {EAE8279F-5437-4D2D-911C-3CD47F8C9184}
		{BEF2F19A-7CF2-4BBB-A298-D75F06077AD5} = {EAE8279F-5437-4D2D-911C-3CD47F8C9184}
		{AC2E4047-9529-49C7-B34D-5408DEE94B96} = {469AC018-A32B-4582-9F3D-51ECE88F4E5D}
	EndGlobalSection
	GlobalSection(ExtensibilityGlobals) = postSolution
		SolutionGuid = {7953494B-1FF0-45EA-8CF6-512A4E976048}
	EndGlobalSection
	GlobalSection(SubversionScc) = preSolution
		Svn-Managed = True
		Manager = AnkhSVN - Subversion Support for Visual Studio
	EndGlobalSection
EndGlobal
